
Microsoft Visual Studio Solution File, Format Version 12.00
# Visual Studio 14
VisualStudioVersion = 14.0.25420.1
MinimumVisualStudioVersion = 10.0.40219.1
Project("{8BC9CEB8-8B4A-11D0-8D11-00A0C91BC942}") = "frdaemon", "frdaemon\frdaemon.vcxproj", "{E2E4A61A-3C6A-414C-8E51-E3752634A4AB}"
EndProject
Project("{2150E333-8FDC-42A3-9474-1A3956D46DE8}") = "windows", "windows", "{D0B6D856-D575-4745-8695-23DC57D76070}"
EndProject
Project("{8BC9CEB8-8B4A-11D0-8D11-00A0C91BC942}") = "libcurl", "windows\curl\projects\Windows\VC14\lib\libcurl.vcxproj", "{DA6F56B4-06A4-441D-AD70-AC5A7D51FADB}"
EndProject
Project("{8BC9CEB8-8B4A-11D0-8D11-00A0C91BC942}") = "crdaemon", "crdaemon\crdaemon.vcxproj", "{CC27A37E-394E-41E7-BBD0-2EC3014DAE6B}"
EndProject
Project("{8BC9CEB8-8B4A-11D0-8D11-00A0C91BC942}") = "сrd", "windows\crd\crd.vcxproj", "{25B55CFE-8DF1-4055-A14D-1478F9F4BC95}"
EndProject
Project("{8BC9CEB8-8B4A-11D0-8D11-00A0C91BC942}") = "frd", "windows\frd\frd.vcxproj", "{943EE636-0C75-40C9-86B3-DB3B25DB8D5A}"
EndProject
Global
	GlobalSection(SolutionConfigurationPlatforms) = preSolution
		Debug|ARM = Debug|ARM
		Debug|x64 = Debug|x64
		Debug|x86 = Debug|x86
		DLL Debug - DLL OpenSSL - DLL LibSSH2|ARM = DLL Debug - DLL OpenSSL - DLL LibSSH2|ARM
		DLL Debug - DLL OpenSSL - DLL LibSSH2|x64 = DLL Debug - DLL OpenSSL - DLL LibSSH2|x64
		DLL Debug - DLL OpenSSL - DLL LibSSH2|x86 = DLL Debug - DLL OpenSSL - DLL LibSSH2|x86
		DLL Debug - DLL OpenSSL|ARM = DLL Debug - DLL OpenSSL|ARM
		DLL Debug - DLL OpenSSL|x64 = DLL Debug - DLL OpenSSL|x64
		DLL Debug - DLL OpenSSL|x86 = DLL Debug - DLL OpenSSL|x86
		DLL Debug - DLL Windows SSPI - DLL WinIDN|ARM = DLL Debug - DLL Windows SSPI - DLL WinIDN|ARM
		DLL Debug - DLL Windows SSPI - DLL WinIDN|x64 = DLL Debug - DLL Windows SSPI - DLL WinIDN|x64
		DLL Debug - DLL Windows SSPI - DLL WinIDN|x86 = DLL Debug - DLL Windows SSPI - DLL WinIDN|x86
		DLL Debug - DLL Windows SSPI|ARM = DLL Debug - DLL Windows SSPI|ARM
		DLL Debug - DLL Windows SSPI|x64 = DLL Debug - DLL Windows SSPI|x64
		DLL Debug - DLL Windows SSPI|x86 = DLL Debug - DLL Windows SSPI|x86
		DLL Debug - DLL wolfSSL|ARM = DLL Debug - DLL wolfSSL|ARM
		DLL Debug - DLL wolfSSL|x64 = DLL Debug - DLL wolfSSL|x64
		DLL Debug - DLL wolfSSL|x86 = DLL Debug - DLL wolfSSL|x86
		DLL Debug|ARM = DLL Debug|ARM
		DLL Debug|x64 = DLL Debug|x64
		DLL Debug|x86 = DLL Debug|x86
		DLL Release - DLL OpenSSL - DLL LibSSH2|ARM = DLL Release - DLL OpenSSL - DLL LibSSH2|ARM
		DLL Release - DLL OpenSSL - DLL LibSSH2|x64 = DLL Release - DLL OpenSSL - DLL LibSSH2|x64
		DLL Release - DLL OpenSSL - DLL LibSSH2|x86 = DLL Release - DLL OpenSSL - DLL LibSSH2|x86
		DLL Release - DLL OpenSSL|ARM = DLL Release - DLL OpenSSL|ARM
		DLL Release - DLL OpenSSL|x64 = DLL Release - DLL OpenSSL|x64
		DLL Release - DLL OpenSSL|x86 = DLL Release - DLL OpenSSL|x86
		DLL Release - DLL Windows SSPI - DLL WinIDN|ARM = DLL Release - DLL Windows SSPI - DLL WinIDN|ARM
		DLL Release - DLL Windows SSPI - DLL WinIDN|x64 = DLL Release - DLL Windows SSPI - DLL WinIDN|x64
		DLL Release - DLL Windows SSPI - DLL WinIDN|x86 = DLL Release - DLL Windows SSPI - DLL WinIDN|x86
		DLL Release - DLL Windows SSPI|ARM = DLL Release - DLL Windows SSPI|ARM
		DLL Release - DLL Windows SSPI|x64 = DLL Release - DLL Windows SSPI|x64
		DLL Release - DLL Windows SSPI|x86 = DLL Release - DLL Windows SSPI|x86
		DLL Release - DLL wolfSSL|ARM = DLL Release - DLL wolfSSL|ARM
		DLL Release - DLL wolfSSL|x64 = DLL Release - DLL wolfSSL|x64
		DLL Release - DLL wolfSSL|x86 = DLL Release - DLL wolfSSL|x86
		DLL Release|ARM = DLL Release|ARM
		DLL Release|x64 = DLL Release|x64
		DLL Release|x86 = DLL Release|x86
		LIB Debug - DLL OpenSSL - DLL LibSSH2|ARM = LIB Debug - DLL OpenSSL - DLL LibSSH2|ARM
		LIB Debug - DLL OpenSSL - DLL LibSSH2|x64 = LIB Debug - DLL OpenSSL - DLL LibSSH2|x64
		LIB Debug - DLL OpenSSL - DLL LibSSH2|x86 = LIB Debug - DLL OpenSSL - DLL LibSSH2|x86
		LIB Debug - DLL OpenSSL|ARM = LIB Debug - DLL OpenSSL|ARM
		LIB Debug - DLL OpenSSL|x64 = LIB Debug - DLL OpenSSL|x64
		LIB Debug - DLL OpenSSL|x86 = LIB Debug - DLL OpenSSL|x86
		LIB Debug - DLL Windows SSPI - DLL WinIDN|ARM = LIB Debug - DLL Windows SSPI - DLL WinIDN|ARM
		LIB Debug - DLL Windows SSPI - DLL WinIDN|x64 = LIB Debug - DLL Windows SSPI - DLL WinIDN|x64
		LIB Debug - DLL Windows SSPI - DLL WinIDN|x86 = LIB Debug - DLL Windows SSPI - DLL WinIDN|x86
		LIB Debug - DLL Windows SSPI|ARM = LIB Debug - DLL Windows SSPI|ARM
		LIB Debug - DLL Windows SSPI|x64 = LIB Debug - DLL Windows SSPI|x64
		LIB Debug - DLL Windows SSPI|x86 = LIB Debug - DLL Windows SSPI|x86
		LIB Debug - LIB OpenSSL - LIB LibSSH2|ARM = LIB Debug - LIB OpenSSL - LIB LibSSH2|ARM
		LIB Debug - LIB OpenSSL - LIB LibSSH2|x64 = LIB Debug - LIB OpenSSL - LIB LibSSH2|x64
		LIB Debug - LIB OpenSSL - LIB LibSSH2|x86 = LIB Debug - LIB OpenSSL - LIB LibSSH2|x86
		LIB Debug - LIB OpenSSL|ARM = LIB Debug - LIB OpenSSL|ARM
		LIB Debug - LIB OpenSSL|x64 = LIB Debug - LIB OpenSSL|x64
		LIB Debug - LIB OpenSSL|x86 = LIB Debug - LIB OpenSSL|x86
		LIB Debug - LIB wolfSSL|ARM = LIB Debug - LIB wolfSSL|ARM
		LIB Debug - LIB wolfSSL|x64 = LIB Debug - LIB wolfSSL|x64
		LIB Debug - LIB wolfSSL|x86 = LIB Debug - LIB wolfSSL|x86
		LIB Debug|ARM = LIB Debug|ARM
		LIB Debug|x64 = LIB Debug|x64
		LIB Debug|x86 = LIB Debug|x86
		LIB Release - DLL OpenSSL - DLL LibSSH2|ARM = LIB Release - DLL OpenSSL - DLL LibSSH2|ARM
		LIB Release - DLL OpenSSL - DLL LibSSH2|x64 = LIB Release - DLL OpenSSL - DLL LibSSH2|x64
		LIB Release - DLL OpenSSL - DLL LibSSH2|x86 = LIB Release - DLL OpenSSL - DLL LibSSH2|x86
		LIB Release - DLL OpenSSL|ARM = LIB Release - DLL OpenSSL|ARM
		LIB Release - DLL OpenSSL|x64 = LIB Release - DLL OpenSSL|x64
		LIB Release - DLL OpenSSL|x86 = LIB Release - DLL OpenSSL|x86
		LIB Release - DLL Windows SSPI - DLL WinIDN|ARM = LIB Release - DLL Windows SSPI - DLL WinIDN|ARM
		LIB Release - DLL Windows SSPI - DLL WinIDN|x64 = LIB Release - DLL Windows SSPI - DLL WinIDN|x64
		LIB Release - DLL Windows SSPI - DLL WinIDN|x86 = LIB Release - DLL Windows SSPI - DLL WinIDN|x86
		LIB Release - DLL Windows SSPI|ARM = LIB Release - DLL Windows SSPI|ARM
		LIB Release - DLL Windows SSPI|x64 = LIB Release - DLL Windows SSPI|x64
		LIB Release - DLL Windows SSPI|x86 = LIB Release - DLL Windows SSPI|x86
		LIB Release - LIB OpenSSL - LIB LibSSH2|ARM = LIB Release - LIB OpenSSL - LIB LibSSH2|ARM
		LIB Release - LIB OpenSSL - LIB LibSSH2|x64 = LIB Release - LIB OpenSSL - LIB LibSSH2|x64
		LIB Release - LIB OpenSSL - LIB LibSSH2|x86 = LIB Release - LIB OpenSSL - LIB LibSSH2|x86
		LIB Release - LIB OpenSSL|ARM = LIB Release - LIB OpenSSL|ARM
		LIB Release - LIB OpenSSL|x64 = LIB Release - LIB OpenSSL|x64
		LIB Release - LIB OpenSSL|x86 = LIB Release - LIB OpenSSL|x86
		LIB Release - LIB wolfSSL|ARM = LIB Release - LIB wolfSSL|ARM
		LIB Release - LIB wolfSSL|x64 = LIB Release - LIB wolfSSL|x64
		LIB Release - LIB wolfSSL|x86 = LIB Release - LIB wolfSSL|x86
		LIB Release|ARM = LIB Release|ARM
		LIB Release|x64 = LIB Release|x64
		LIB Release|x86 = LIB Release|x86
		Release|ARM = Release|ARM
		Release|x64 = Release|x64
		Release|x86 = Release|x86
	EndGlobalSection
	GlobalSection(ProjectConfigurationPlatforms) = postSolution
		{E2E4A61A-3C6A-414C-8E51-E3752634A4AB}.Debug|ARM.ActiveCfg = Debug|ARM
		{E2E4A61A-3C6A-414C-8E51-E3752634A4AB}.Debug|ARM.Build.0 = Debug|ARM
		{E2E4A61A-3C6A-414C-8E51-E3752634A4AB}.Debug|x64.ActiveCfg = Debug|x64
		{E2E4A61A-3C6A-414C-8E51-E3752634A4AB}.Debug|x64.Build.0 = Debug|x64
		{E2E4A61A-3C6A-414C-8E51-E3752634A4AB}.Debug|x86.ActiveCfg = Debug|x86
		{E2E4A61A-3C6A-414C-8E51-E3752634A4AB}.Debug|x86.Build.0 = Debug|x86
		{E2E4A61A-3C6A-414C-8E51-E3752634A4AB}.DLL Debug - DLL OpenSSL - DLL LibSSH2|ARM.ActiveCfg = Debug|ARM
		{E2E4A61A-3C6A-414C-8E51-E3752634A4AB}.DLL Debug - DLL OpenSSL - DLL LibSSH2|ARM.Build.0 = Debug|ARM
		{E2E4A61A-3C6A-414C-8E51-E3752634A4AB}.DLL Debug - DLL OpenSSL - DLL LibSSH2|x64.ActiveCfg = Debug|x64
		{E2E4A61A-3C6A-414C-8E51-E3752634A4AB}.DLL Debug - DLL OpenSSL - DLL LibSSH2|x64.Build.0 = Debug|x64
		{E2E4A61A-3C6A-414C-8E51-E3752634A4AB}.DLL Debug - DLL OpenSSL - DLL LibSSH2|x86.ActiveCfg = Debug|x86
		{E2E4A61A-3C6A-414C-8E51-E3752634A4AB}.DLL Debug - DLL OpenSSL - DLL LibSSH2|x86.Build.0 = Debug|x86
		{E2E4A61A-3C6A-414C-8E51-E3752634A4AB}.DLL Debug - DLL OpenSSL|ARM.ActiveCfg = Debug|ARM
		{E2E4A61A-3C6A-414C-8E51-E3752634A4AB}.DLL Debug - DLL OpenSSL|ARM.Build.0 = Debug|ARM
		{E2E4A61A-3C6A-414C-8E51-E3752634A4AB}.DLL Debug - DLL OpenSSL|x64.ActiveCfg = Debug|x64
		{E2E4A61A-3C6A-414C-8E51-E3752634A4AB}.DLL Debug - DLL OpenSSL|x64.Build.0 = Debug|x64
		{E2E4A61A-3C6A-414C-8E51-E3752634A4AB}.DLL Debug - DLL OpenSSL|x86.ActiveCfg = Debug|x86
		{E2E4A61A-3C6A-414C-8E51-E3752634A4AB}.DLL Debug - DLL OpenSSL|x86.Build.0 = Debug|x86
		{E2E4A61A-3C6A-414C-8E51-E3752634A4AB}.DLL Debug - DLL Windows SSPI - DLL WinIDN|ARM.ActiveCfg = Debug|ARM
		{E2E4A61A-3C6A-414C-8E51-E3752634A4AB}.DLL Debug - DLL Windows SSPI - DLL WinIDN|ARM.Build.0 = Debug|ARM
		{E2E4A61A-3C6A-414C-8E51-E3752634A4AB}.DLL Debug - DLL Windows SSPI - DLL WinIDN|x64.ActiveCfg = Debug|x64
		{E2E4A61A-3C6A-414C-8E51-E3752634A4AB}.DLL Debug - DLL Windows SSPI - DLL WinIDN|x64.Build.0 = Debug|x64
		{E2E4A61A-3C6A-414C-8E51-E3752634A4AB}.DLL Debug - DLL Windows SSPI - DLL WinIDN|x86.ActiveCfg = Debug|x86
		{E2E4A61A-3C6A-414C-8E51-E3752634A4AB}.DLL Debug - DLL Windows SSPI - DLL WinIDN|x86.Build.0 = Debug|x86
		{E2E4A61A-3C6A-414C-8E51-E3752634A4AB}.DLL Debug - DLL Windows SSPI|ARM.ActiveCfg = Debug|ARM
		{E2E4A61A-3C6A-414C-8E51-E3752634A4AB}.DLL Debug - DLL Windows SSPI|ARM.Build.0 = Debug|ARM
		{E2E4A61A-3C6A-414C-8E51-E3752634A4AB}.DLL Debug - DLL Windows SSPI|x64.ActiveCfg = Debug|x64
		{E2E4A61A-3C6A-414C-8E51-E3752634A4AB}.DLL Debug - DLL Windows SSPI|x64.Build.0 = Debug|x64
		{E2E4A61A-3C6A-414C-8E51-E3752634A4AB}.DLL Debug - DLL Windows SSPI|x86.ActiveCfg = Debug|x86
		{E2E4A61A-3C6A-414C-8E51-E3752634A4AB}.DLL Debug - DLL Windows SSPI|x86.Build.0 = Debug|x86
		{E2E4A61A-3C6A-414C-8E51-E3752634A4AB}.DLL Debug - DLL wolfSSL|ARM.ActiveCfg = Debug|ARM
		{E2E4A61A-3C6A-414C-8E51-E3752634A4AB}.DLL Debug - DLL wolfSSL|ARM.Build.0 = Debug|ARM
		{E2E4A61A-3C6A-414C-8E51-E3752634A4AB}.DLL Debug - DLL wolfSSL|x64.ActiveCfg = Debug|x64
		{E2E4A61A-3C6A-414C-8E51-E3752634A4AB}.DLL Debug - DLL wolfSSL|x64.Build.0 = Debug|x64
		{E2E4A61A-3C6A-414C-8E51-E3752634A4AB}.DLL Debug - DLL wolfSSL|x86.ActiveCfg = Debug|x86
		{E2E4A61A-3C6A-414C-8E51-E3752634A4AB}.DLL Debug - DLL wolfSSL|x86.Build.0 = Debug|x86
		{E2E4A61A-3C6A-414C-8E51-E3752634A4AB}.DLL Debug|ARM.ActiveCfg = Debug|ARM
		{E2E4A61A-3C6A-414C-8E51-E3752634A4AB}.DLL Debug|ARM.Build.0 = Debug|ARM
		{E2E4A61A-3C6A-414C-8E51-E3752634A4AB}.DLL Debug|x64.ActiveCfg = Debug|x64
		{E2E4A61A-3C6A-414C-8E51-E3752634A4AB}.DLL Debug|x64.Build.0 = Debug|x64
		{E2E4A61A-3C6A-414C-8E51-E3752634A4AB}.DLL Debug|x86.ActiveCfg = Debug|x86
		{E2E4A61A-3C6A-414C-8E51-E3752634A4AB}.DLL Debug|x86.Build.0 = Debug|x86
		{E2E4A61A-3C6A-414C-8E51-E3752634A4AB}.DLL Release - DLL OpenSSL - DLL LibSSH2|ARM.ActiveCfg = Release|ARM
		{E2E4A61A-3C6A-414C-8E51-E3752634A4AB}.DLL Release - DLL OpenSSL - DLL LibSSH2|ARM.Build.0 = Release|ARM
		{E2E4A61A-3C6A-414C-8E51-E3752634A4AB}.DLL Release - DLL OpenSSL - DLL LibSSH2|x64.ActiveCfg = Release|x64
		{E2E4A61A-3C6A-414C-8E51-E3752634A4AB}.DLL Release - DLL OpenSSL - DLL LibSSH2|x64.Build.0 = Release|x64
		{E2E4A61A-3C6A-414C-8E51-E3752634A4AB}.DLL Release - DLL OpenSSL - DLL LibSSH2|x86.ActiveCfg = Release|x86
		{E2E4A61A-3C6A-414C-8E51-E3752634A4AB}.DLL Release - DLL OpenSSL - DLL LibSSH2|x86.Build.0 = Release|x86
		{E2E4A61A-3C6A-414C-8E51-E3752634A4AB}.DLL Release - DLL OpenSSL|ARM.ActiveCfg = Release|ARM
		{E2E4A61A-3C6A-414C-8E51-E3752634A4AB}.DLL Release - DLL OpenSSL|ARM.Build.0 = Release|ARM
		{E2E4A61A-3C6A-414C-8E51-E3752634A4AB}.DLL Release - DLL OpenSSL|x64.ActiveCfg = Release|x64
		{E2E4A61A-3C6A-414C-8E51-E3752634A4AB}.DLL Release - DLL OpenSSL|x64.Build.0 = Release|x64
		{E2E4A61A-3C6A-414C-8E51-E3752634A4AB}.DLL Release - DLL OpenSSL|x86.ActiveCfg = Release|x86
		{E2E4A61A-3C6A-414C-8E51-E3752634A4AB}.DLL Release - DLL OpenSSL|x86.Build.0 = Release|x86
		{E2E4A61A-3C6A-414C-8E51-E3752634A4AB}.DLL Release - DLL Windows SSPI - DLL WinIDN|ARM.ActiveCfg = Release|ARM
		{E2E4A61A-3C6A-414C-8E51-E3752634A4AB}.DLL Release - DLL Windows SSPI - DLL WinIDN|ARM.Build.0 = Release|ARM
		{E2E4A61A-3C6A-414C-8E51-E3752634A4AB}.DLL Release - DLL Windows SSPI - DLL WinIDN|x64.ActiveCfg = Release|x64
		{E2E4A61A-3C6A-414C-8E51-E3752634A4AB}.DLL Release - DLL Windows SSPI - DLL WinIDN|x64.Build.0 = Release|x64
		{E2E4A61A-3C6A-414C-8E51-E3752634A4AB}.DLL Release - DLL Windows SSPI - DLL WinIDN|x86.ActiveCfg = Release|x86
		{E2E4A61A-3C6A-414C-8E51-E3752634A4AB}.DLL Release - DLL Windows SSPI - DLL WinIDN|x86.Build.0 = Release|x86
		{E2E4A61A-3C6A-414C-8E51-E3752634A4AB}.DLL Release - DLL Windows SSPI|ARM.ActiveCfg = Release|ARM
		{E2E4A61A-3C6A-414C-8E51-E3752634A4AB}.DLL Release - DLL Windows SSPI|ARM.Build.0 = Release|ARM
		{E2E4A61A-3C6A-414C-8E51-E3752634A4AB}.DLL Release - DLL Windows SSPI|x64.ActiveCfg = Release|x64
		{E2E4A61A-3C6A-414C-8E51-E3752634A4AB}.DLL Release - DLL Windows SSPI|x64.Build.0 = Release|x64
		{E2E4A61A-3C6A-414C-8E51-E3752634A4AB}.DLL Release - DLL Windows SSPI|x86.ActiveCfg = Release|x86
		{E2E4A61A-3C6A-414C-8E51-E3752634A4AB}.DLL Release - DLL Windows SSPI|x86.Build.0 = Release|x86
		{E2E4A61A-3C6A-414C-8E51-E3752634A4AB}.DLL Release - DLL wolfSSL|ARM.ActiveCfg = Release|ARM
		{E2E4A61A-3C6A-414C-8E51-E3752634A4AB}.DLL Release - DLL wolfSSL|ARM.Build.0 = Release|ARM
		{E2E4A61A-3C6A-414C-8E51-E3752634A4AB}.DLL Release - DLL wolfSSL|x64.ActiveCfg = Release|x64
		{E2E4A61A-3C6A-414C-8E51-E3752634A4AB}.DLL Release - DLL wolfSSL|x64.Build.0 = Release|x64
		{E2E4A61A-3C6A-414C-8E51-E3752634A4AB}.DLL Release - DLL wolfSSL|x86.ActiveCfg = Release|x86
		{E2E4A61A-3C6A-414C-8E51-E3752634A4AB}.DLL Release - DLL wolfSSL|x86.Build.0 = Release|x86
		{E2E4A61A-3C6A-414C-8E51-E3752634A4AB}.DLL Release|ARM.ActiveCfg = Release|ARM
		{E2E4A61A-3C6A-414C-8E51-E3752634A4AB}.DLL Release|ARM.Build.0 = Release|ARM
		{E2E4A61A-3C6A-414C-8E51-E3752634A4AB}.DLL Release|x64.ActiveCfg = Release|x64
		{E2E4A61A-3C6A-414C-8E51-E3752634A4AB}.DLL Release|x64.Build.0 = Release|x64
		{E2E4A61A-3C6A-414C-8E51-E3752634A4AB}.DLL Release|x86.ActiveCfg = Release|x86
		{E2E4A61A-3C6A-414C-8E51-E3752634A4AB}.DLL Release|x86.Build.0 = Release|x86
		{E2E4A61A-3C6A-414C-8E51-E3752634A4AB}.LIB Debug - DLL OpenSSL - DLL LibSSH2|ARM.ActiveCfg = Debug|ARM
		{E2E4A61A-3C6A-414C-8E51-E3752634A4AB}.LIB Debug - DLL OpenSSL - DLL LibSSH2|ARM.Build.0 = Debug|ARM
		{E2E4A61A-3C6A-414C-8E51-E3752634A4AB}.LIB Debug - DLL OpenSSL - DLL LibSSH2|x64.ActiveCfg = Debug|x64
		{E2E4A61A-3C6A-414C-8E51-E3752634A4AB}.LIB Debug - DLL OpenSSL - DLL LibSSH2|x64.Build.0 = Debug|x64
		{E2E4A61A-3C6A-414C-8E51-E3752634A4AB}.LIB Debug - DLL OpenSSL - DLL LibSSH2|x86.ActiveCfg = Debug|x86
		{E2E4A61A-3C6A-414C-8E51-E3752634A4AB}.LIB Debug - DLL OpenSSL - DLL LibSSH2|x86.Build.0 = Debug|x86
		{E2E4A61A-3C6A-414C-8E51-E3752634A4AB}.LIB Debug - DLL OpenSSL|ARM.ActiveCfg = Debug|ARM
		{E2E4A61A-3C6A-414C-8E51-E3752634A4AB}.LIB Debug - DLL OpenSSL|ARM.Build.0 = Debug|ARM
		{E2E4A61A-3C6A-414C-8E51-E3752634A4AB}.LIB Debug - DLL OpenSSL|x64.ActiveCfg = Debug|x64
		{E2E4A61A-3C6A-414C-8E51-E3752634A4AB}.LIB Debug - DLL OpenSSL|x64.Build.0 = Debug|x64
		{E2E4A61A-3C6A-414C-8E51-E3752634A4AB}.LIB Debug - DLL OpenSSL|x86.ActiveCfg = Debug|x86
		{E2E4A61A-3C6A-414C-8E51-E3752634A4AB}.LIB Debug - DLL OpenSSL|x86.Build.0 = Debug|x86
		{E2E4A61A-3C6A-414C-8E51-E3752634A4AB}.LIB Debug - DLL Windows SSPI - DLL WinIDN|ARM.ActiveCfg = Debug|ARM
		{E2E4A61A-3C6A-414C-8E51-E3752634A4AB}.LIB Debug - DLL Windows SSPI - DLL WinIDN|ARM.Build.0 = Debug|ARM
		{E2E4A61A-3C6A-414C-8E51-E3752634A4AB}.LIB Debug - DLL Windows SSPI - DLL WinIDN|x64.ActiveCfg = Debug|x64
		{E2E4A61A-3C6A-414C-8E51-E3752634A4AB}.LIB Debug - DLL Windows SSPI - DLL WinIDN|x64.Build.0 = Debug|x64
		{E2E4A61A-3C6A-414C-8E51-E3752634A4AB}.LIB Debug - DLL Windows SSPI - DLL WinIDN|x86.ActiveCfg = Debug|x86
		{E2E4A61A-3C6A-414C-8E51-E3752634A4AB}.LIB Debug - DLL Windows SSPI - DLL WinIDN|x86.Build.0 = Debug|x86
		{E2E4A61A-3C6A-414C-8E51-E3752634A4AB}.LIB Debug - DLL Windows SSPI|ARM.ActiveCfg = Debug|ARM
		{E2E4A61A-3C6A-414C-8E51-E3752634A4AB}.LIB Debug - DLL Windows SSPI|ARM.Build.0 = Debug|ARM
		{E2E4A61A-3C6A-414C-8E51-E3752634A4AB}.LIB Debug - DLL Windows SSPI|x64.ActiveCfg = Debug|x64
		{E2E4A61A-3C6A-414C-8E51-E3752634A4AB}.LIB Debug - DLL Windows SSPI|x64.Build.0 = Debug|x64
		{E2E4A61A-3C6A-414C-8E51-E3752634A4AB}.LIB Debug - DLL Windows SSPI|x86.ActiveCfg = Debug|x86
		{E2E4A61A-3C6A-414C-8E51-E3752634A4AB}.LIB Debug - DLL Windows SSPI|x86.Build.0 = Debug|x86
		{E2E4A61A-3C6A-414C-8E51-E3752634A4AB}.LIB Debug - LIB OpenSSL - LIB LibSSH2|ARM.ActiveCfg = Debug|ARM
		{E2E4A61A-3C6A-414C-8E51-E3752634A4AB}.LIB Debug - LIB OpenSSL - LIB LibSSH2|ARM.Build.0 = Debug|ARM
		{E2E4A61A-3C6A-414C-8E51-E3752634A4AB}.LIB Debug - LIB OpenSSL - LIB LibSSH2|x64.ActiveCfg = Debug|x64
		{E2E4A61A-3C6A-414C-8E51-E3752634A4AB}.LIB Debug - LIB OpenSSL - LIB LibSSH2|x64.Build.0 = Debug|x64
		{E2E4A61A-3C6A-414C-8E51-E3752634A4AB}.LIB Debug - LIB OpenSSL - LIB LibSSH2|x86.ActiveCfg = Debug|x86
		{E2E4A61A-3C6A-414C-8E51-E3752634A4AB}.LIB Debug - LIB OpenSSL - LIB LibSSH2|x86.Build.0 = Debug|x86
		{E2E4A61A-3C6A-414C-8E51-E3752634A4AB}.LIB Debug - LIB OpenSSL|ARM.ActiveCfg = Debug|ARM
		{E2E4A61A-3C6A-414C-8E51-E3752634A4AB}.LIB Debug - LIB OpenSSL|ARM.Build.0 = Debug|ARM
		{E2E4A61A-3C6A-414C-8E51-E3752634A4AB}.LIB Debug - LIB OpenSSL|x64.ActiveCfg = Debug|x64
		{E2E4A61A-3C6A-414C-8E51-E3752634A4AB}.LIB Debug - LIB OpenSSL|x64.Build.0 = Debug|x64
		{E2E4A61A-3C6A-414C-8E51-E3752634A4AB}.LIB Debug - LIB OpenSSL|x86.ActiveCfg = Debug|x86
		{E2E4A61A-3C6A-414C-8E51-E3752634A4AB}.LIB Debug - LIB OpenSSL|x86.Build.0 = Debug|x86
		{E2E4A61A-3C6A-414C-8E51-E3752634A4AB}.LIB Debug - LIB wolfSSL|ARM.ActiveCfg = Debug|ARM
		{E2E4A61A-3C6A-414C-8E51-E3752634A4AB}.LIB Debug - LIB wolfSSL|ARM.Build.0 = Debug|ARM
		{E2E4A61A-3C6A-414C-8E51-E3752634A4AB}.LIB Debug - LIB wolfSSL|x64.ActiveCfg = Debug|x64
		{E2E4A61A-3C6A-414C-8E51-E3752634A4AB}.LIB Debug - LIB wolfSSL|x64.Build.0 = Debug|x64
		{E2E4A61A-3C6A-414C-8E51-E3752634A4AB}.LIB Debug - LIB wolfSSL|x86.ActiveCfg = Debug|x86
		{E2E4A61A-3C6A-414C-8E51-E3752634A4AB}.LIB Debug - LIB wolfSSL|x86.Build.0 = Debug|x86
		{E2E4A61A-3C6A-414C-8E51-E3752634A4AB}.LIB Debug|ARM.ActiveCfg = Debug|ARM
		{E2E4A61A-3C6A-414C-8E51-E3752634A4AB}.LIB Debug|ARM.Build.0 = Debug|ARM
		{E2E4A61A-3C6A-414C-8E51-E3752634A4AB}.LIB Debug|x64.ActiveCfg = Debug|x64
		{E2E4A61A-3C6A-414C-8E51-E3752634A4AB}.LIB Debug|x64.Build.0 = Debug|x64
		{E2E4A61A-3C6A-414C-8E51-E3752634A4AB}.LIB Debug|x86.ActiveCfg = Debug|x86
		{E2E4A61A-3C6A-414C-8E51-E3752634A4AB}.LIB Debug|x86.Build.0 = Debug|x86
		{E2E4A61A-3C6A-414C-8E51-E3752634A4AB}.LIB Release - DLL OpenSSL - DLL LibSSH2|ARM.ActiveCfg = Release|ARM
		{E2E4A61A-3C6A-414C-8E51-E3752634A4AB}.LIB Release - DLL OpenSSL - DLL LibSSH2|ARM.Build.0 = Release|ARM
		{E2E4A61A-3C6A-414C-8E51-E3752634A4AB}.LIB Release - DLL OpenSSL - DLL LibSSH2|x64.ActiveCfg = Release|x64
		{E2E4A61A-3C6A-414C-8E51-E3752634A4AB}.LIB Release - DLL OpenSSL - DLL LibSSH2|x64.Build.0 = Release|x64
		{E2E4A61A-3C6A-414C-8E51-E3752634A4AB}.LIB Release - DLL OpenSSL - DLL LibSSH2|x86.ActiveCfg = Release|x86
		{E2E4A61A-3C6A-414C-8E51-E3752634A4AB}.LIB Release - DLL OpenSSL - DLL LibSSH2|x86.Build.0 = Release|x86
		{E2E4A61A-3C6A-414C-8E51-E3752634A4AB}.LIB Release - DLL OpenSSL|ARM.ActiveCfg = Release|ARM
		{E2E4A61A-3C6A-414C-8E51-E3752634A4AB}.LIB Release - DLL OpenSSL|ARM.Build.0 = Release|ARM
		{E2E4A61A-3C6A-414C-8E51-E3752634A4AB}.LIB Release - DLL OpenSSL|x64.ActiveCfg = Release|x64
		{E2E4A61A-3C6A-414C-8E51-E3752634A4AB}.LIB Release - DLL OpenSSL|x64.Build.0 = Release|x64
		{E2E4A61A-3C6A-414C-8E51-E3752634A4AB}.LIB Release - DLL OpenSSL|x86.ActiveCfg = Release|x86
		{E2E4A61A-3C6A-414C-8E51-E3752634A4AB}.LIB Release - DLL OpenSSL|x86.Build.0 = Release|x86
		{E2E4A61A-3C6A-414C-8E51-E3752634A4AB}.LIB Release - DLL Windows SSPI - DLL WinIDN|ARM.ActiveCfg = Release|ARM
		{E2E4A61A-3C6A-414C-8E51-E3752634A4AB}.LIB Release - DLL Windows SSPI - DLL WinIDN|ARM.Build.0 = Release|ARM
		{E2E4A61A-3C6A-414C-8E51-E3752634A4AB}.LIB Release - DLL Windows SSPI - DLL WinIDN|x64.ActiveCfg = Release|x64
		{E2E4A61A-3C6A-414C-8E51-E3752634A4AB}.LIB Release - DLL Windows SSPI - DLL WinIDN|x64.Build.0 = Release|x64
		{E2E4A61A-3C6A-414C-8E51-E3752634A4AB}.LIB Release - DLL Windows SSPI - DLL WinIDN|x86.ActiveCfg = Release|x86
		{E2E4A61A-3C6A-414C-8E51-E3752634A4AB}.LIB Release - DLL Windows SSPI - DLL WinIDN|x86.Build.0 = Release|x86
		{E2E4A61A-3C6A-414C-8E51-E3752634A4AB}.LIB Release - DLL Windows SSPI|ARM.ActiveCfg = Release|ARM
		{E2E4A61A-3C6A-414C-8E51-E3752634A4AB}.LIB Release - DLL Windows SSPI|ARM.Build.0 = Release|ARM
		{E2E4A61A-3C6A-414C-8E51-E3752634A4AB}.LIB Release - DLL Windows SSPI|x64.ActiveCfg = Release|x64
		{E2E4A61A-3C6A-414C-8E51-E3752634A4AB}.LIB Release - DLL Windows SSPI|x64.Build.0 = Release|x64
		{E2E4A61A-3C6A-414C-8E51-E3752634A4AB}.LIB Release - DLL Windows SSPI|x86.ActiveCfg = Release|x86
		{E2E4A61A-3C6A-414C-8E51-E3752634A4AB}.LIB Release - DLL Windows SSPI|x86.Build.0 = Release|x86
		{E2E4A61A-3C6A-414C-8E51-E3752634A4AB}.LIB Release - LIB OpenSSL - LIB LibSSH2|ARM.ActiveCfg = Release|ARM
		{E2E4A61A-3C6A-414C-8E51-E3752634A4AB}.LIB Release - LIB OpenSSL - LIB LibSSH2|ARM.Build.0 = Release|ARM
		{E2E4A61A-3C6A-414C-8E51-E3752634A4AB}.LIB Release - LIB OpenSSL - LIB LibSSH2|x64.ActiveCfg = Release|x64
		{E2E4A61A-3C6A-414C-8E51-E3752634A4AB}.LIB Release - LIB OpenSSL - LIB LibSSH2|x64.Build.0 = Release|x64
		{E2E4A61A-3C6A-414C-8E51-E3752634A4AB}.LIB Release - LIB OpenSSL - LIB LibSSH2|x86.ActiveCfg = Release|x86
		{E2E4A61A-3C6A-414C-8E51-E3752634A4AB}.LIB Release - LIB OpenSSL - LIB LibSSH2|x86.Build.0 = Release|x86
		{E2E4A61A-3C6A-414C-8E51-E3752634A4AB}.LIB Release - LIB OpenSSL|ARM.ActiveCfg = Release|ARM
		{E2E4A61A-3C6A-414C-8E51-E3752634A4AB}.LIB Release - LIB OpenSSL|ARM.Build.0 = Release|ARM
		{E2E4A61A-3C6A-414C-8E51-E3752634A4AB}.LIB Release - LIB OpenSSL|x64.ActiveCfg = Release|x64
		{E2E4A61A-3C6A-414C-8E51-E3752634A4AB}.LIB Release - LIB OpenSSL|x64.Build.0 = Release|x64
		{E2E4A61A-3C6A-414C-8E51-E3752634A4AB}.LIB Release - LIB OpenSSL|x86.ActiveCfg = Release|x86
		{E2E4A61A-3C6A-414C-8E51-E3752634A4AB}.LIB Release - LIB OpenSSL|x86.Build.0 = Release|x86
		{E2E4A61A-3C6A-414C-8E51-E3752634A4AB}.LIB Release - LIB wolfSSL|ARM.ActiveCfg = Release|ARM
		{E2E4A61A-3C6A-414C-8E51-E3752634A4AB}.LIB Release - LIB wolfSSL|ARM.Build.0 = Release|ARM
		{E2E4A61A-3C6A-414C-8E51-E3752634A4AB}.LIB Release - LIB wolfSSL|x64.ActiveCfg = Release|x64
		{E2E4A61A-3C6A-414C-8E51-E3752634A4AB}.LIB Release - LIB wolfSSL|x64.Build.0 = Release|x64
		{E2E4A61A-3C6A-414C-8E51-E3752634A4AB}.LIB Release - LIB wolfSSL|x86.ActiveCfg = Release|x86
		{E2E4A61A-3C6A-414C-8E51-E3752634A4AB}.LIB Release - LIB wolfSSL|x86.Build.0 = Release|x86
		{E2E4A61A-3C6A-414C-8E51-E3752634A4AB}.LIB Release|ARM.ActiveCfg = Release|ARM
		{E2E4A61A-3C6A-414C-8E51-E3752634A4AB}.LIB Release|ARM.Build.0 = Release|ARM
		{E2E4A61A-3C6A-414C-8E51-E3752634A4AB}.LIB Release|x64.ActiveCfg = Release|x64
		{E2E4A61A-3C6A-414C-8E51-E3752634A4AB}.LIB Release|x64.Build.0 = Release|x64
		{E2E4A61A-3C6A-414C-8E51-E3752634A4AB}.LIB Release|x86.ActiveCfg = Release|x86
		{E2E4A61A-3C6A-414C-8E51-E3752634A4AB}.LIB Release|x86.Build.0 = Release|x86
		{E2E4A61A-3C6A-414C-8E51-E3752634A4AB}.Release|ARM.ActiveCfg = Release|ARM
		{E2E4A61A-3C6A-414C-8E51-E3752634A4AB}.Release|ARM.Build.0 = Release|ARM
		{E2E4A61A-3C6A-414C-8E51-E3752634A4AB}.Release|x64.ActiveCfg = Release|x64
		{E2E4A61A-3C6A-414C-8E51-E3752634A4AB}.Release|x64.Build.0 = Release|x64
		{E2E4A61A-3C6A-414C-8E51-E3752634A4AB}.Release|x86.ActiveCfg = Release|x86
		{E2E4A61A-3C6A-414C-8E51-E3752634A4AB}.Release|x86.Build.0 = Release|x86
		{DA6F56B4-06A4-441D-AD70-AC5A7D51FADB}.Debug|ARM.ActiveCfg = LIB Release - LIB OpenSSL - LIB LibSSH2|Win32
		{DA6F56B4-06A4-441D-AD70-AC5A7D51FADB}.Debug|ARM.Build.0 = LIB Release - LIB OpenSSL - LIB LibSSH2|Win32
		{DA6F56B4-06A4-441D-AD70-AC5A7D51FADB}.Debug|x64.ActiveCfg = LIB Debug|x64
		{DA6F56B4-06A4-441D-AD70-AC5A7D51FADB}.Debug|x64.Build.0 = LIB Debug|x64
		{DA6F56B4-06A4-441D-AD70-AC5A7D51FADB}.Debug|x86.ActiveCfg = LIB Debug|Win32
		{DA6F56B4-06A4-441D-AD70-AC5A7D51FADB}.Debug|x86.Build.0 = LIB Debug|Win32
		{DA6F56B4-06A4-441D-AD70-AC5A7D51FADB}.DLL Debug - DLL OpenSSL - DLL LibSSH2|ARM.ActiveCfg = DLL Debug - DLL OpenSSL - DLL LibSSH2|Win32
		{DA6F56B4-06A4-441D-AD70-AC5A7D51FADB}.DLL Debug - DLL OpenSSL - DLL LibSSH2|x64.ActiveCfg = DLL Debug - DLL OpenSSL - DLL LibSSH2|x64
		{DA6F56B4-06A4-441D-AD70-AC5A7D51FADB}.DLL Debug - DLL OpenSSL - DLL LibSSH2|x64.Build.0 = DLL Debug - DLL OpenSSL - DLL LibSSH2|x64
		{DA6F56B4-06A4-441D-AD70-AC5A7D51FADB}.DLL Debug - DLL OpenSSL - DLL LibSSH2|x86.ActiveCfg = DLL Debug - DLL OpenSSL - DLL LibSSH2|Win32
		{DA6F56B4-06A4-441D-AD70-AC5A7D51FADB}.DLL Debug - DLL OpenSSL - DLL LibSSH2|x86.Build.0 = DLL Debug - DLL OpenSSL - DLL LibSSH2|Win32
		{DA6F56B4-06A4-441D-AD70-AC5A7D51FADB}.DLL Debug - DLL OpenSSL|ARM.ActiveCfg = DLL Debug - DLL OpenSSL|Win32
		{DA6F56B4-06A4-441D-AD70-AC5A7D51FADB}.DLL Debug - DLL OpenSSL|x64.ActiveCfg = DLL Debug - DLL OpenSSL|x64
		{DA6F56B4-06A4-441D-AD70-AC5A7D51FADB}.DLL Debug - DLL OpenSSL|x64.Build.0 = DLL Debug - DLL OpenSSL|x64
		{DA6F56B4-06A4-441D-AD70-AC5A7D51FADB}.DLL Debug - DLL OpenSSL|x86.ActiveCfg = DLL Debug - DLL OpenSSL|Win32
		{DA6F56B4-06A4-441D-AD70-AC5A7D51FADB}.DLL Debug - DLL OpenSSL|x86.Build.0 = DLL Debug - DLL OpenSSL|Win32
		{DA6F56B4-06A4-441D-AD70-AC5A7D51FADB}.DLL Debug - DLL Windows SSPI - DLL WinIDN|ARM.ActiveCfg = DLL Debug - DLL Windows SSPI - DLL WinIDN|Win32
		{DA6F56B4-06A4-441D-AD70-AC5A7D51FADB}.DLL Debug - DLL Windows SSPI - DLL WinIDN|x64.ActiveCfg = DLL Debug - DLL Windows SSPI - DLL WinIDN|x64
		{DA6F56B4-06A4-441D-AD70-AC5A7D51FADB}.DLL Debug - DLL Windows SSPI - DLL WinIDN|x64.Build.0 = DLL Debug - DLL Windows SSPI - DLL WinIDN|x64
		{DA6F56B4-06A4-441D-AD70-AC5A7D51FADB}.DLL Debug - DLL Windows SSPI - DLL WinIDN|x86.ActiveCfg = DLL Debug - DLL Windows SSPI - DLL WinIDN|Win32
		{DA6F56B4-06A4-441D-AD70-AC5A7D51FADB}.DLL Debug - DLL Windows SSPI - DLL WinIDN|x86.Build.0 = DLL Debug - DLL Windows SSPI - DLL WinIDN|Win32
		{DA6F56B4-06A4-441D-AD70-AC5A7D51FADB}.DLL Debug - DLL Windows SSPI|ARM.ActiveCfg = DLL Debug - DLL Windows SSPI|Win32
		{DA6F56B4-06A4-441D-AD70-AC5A7D51FADB}.DLL Debug - DLL Windows SSPI|x64.ActiveCfg = DLL Debug - DLL Windows SSPI|x64
		{DA6F56B4-06A4-441D-AD70-AC5A7D51FADB}.DLL Debug - DLL Windows SSPI|x64.Build.0 = DLL Debug - DLL Windows SSPI|x64
		{DA6F56B4-06A4-441D-AD70-AC5A7D51FADB}.DLL Debug - DLL Windows SSPI|x86.ActiveCfg = DLL Debug - DLL Windows SSPI|Win32
		{DA6F56B4-06A4-441D-AD70-AC5A7D51FADB}.DLL Debug - DLL Windows SSPI|x86.Build.0 = DLL Debug - DLL Windows SSPI|Win32
		{DA6F56B4-06A4-441D-AD70-AC5A7D51FADB}.DLL Debug - DLL wolfSSL|ARM.ActiveCfg = DLL Debug - DLL wolfSSL|Win32
		{DA6F56B4-06A4-441D-AD70-AC5A7D51FADB}.DLL Debug - DLL wolfSSL|x64.ActiveCfg = DLL Debug - DLL wolfSSL|x64
		{DA6F56B4-06A4-441D-AD70-AC5A7D51FADB}.DLL Debug - DLL wolfSSL|x64.Build.0 = DLL Debug - DLL wolfSSL|x64
		{DA6F56B4-06A4-441D-AD70-AC5A7D51FADB}.DLL Debug - DLL wolfSSL|x86.ActiveCfg = DLL Debug - DLL wolfSSL|Win32
		{DA6F56B4-06A4-441D-AD70-AC5A7D51FADB}.DLL Debug - DLL wolfSSL|x86.Build.0 = DLL Debug - DLL wolfSSL|Win32
		{DA6F56B4-06A4-441D-AD70-AC5A7D51FADB}.DLL Debug|ARM.ActiveCfg = DLL Debug|Win32
		{DA6F56B4-06A4-441D-AD70-AC5A7D51FADB}.DLL Debug|x64.ActiveCfg = DLL Debug|x64
		{DA6F56B4-06A4-441D-AD70-AC5A7D51FADB}.DLL Debug|x64.Build.0 = DLL Debug|x64
		{DA6F56B4-06A4-441D-AD70-AC5A7D51FADB}.DLL Debug|x86.ActiveCfg = DLL Debug|Win32
		{DA6F56B4-06A4-441D-AD70-AC5A7D51FADB}.DLL Debug|x86.Build.0 = DLL Debug|Win32
		{DA6F56B4-06A4-441D-AD70-AC5A7D51FADB}.DLL Release - DLL OpenSSL - DLL LibSSH2|ARM.ActiveCfg = DLL Release - DLL OpenSSL - DLL LibSSH2|Win32
		{DA6F56B4-06A4-441D-AD70-AC5A7D51FADB}.DLL Release - DLL OpenSSL - DLL LibSSH2|x64.ActiveCfg = DLL Release - DLL OpenSSL - DLL LibSSH2|x64
		{DA6F56B4-06A4-441D-AD70-AC5A7D51FADB}.DLL Release - DLL OpenSSL - DLL LibSSH2|x64.Build.0 = DLL Release - DLL OpenSSL - DLL LibSSH2|x64
		{DA6F56B4-06A4-441D-AD70-AC5A7D51FADB}.DLL Release - DLL OpenSSL - DLL LibSSH2|x86.ActiveCfg = DLL Release - DLL OpenSSL - DLL LibSSH2|Win32
		{DA6F56B4-06A4-441D-AD70-AC5A7D51FADB}.DLL Release - DLL OpenSSL - DLL LibSSH2|x86.Build.0 = DLL Release - DLL OpenSSL - DLL LibSSH2|Win32
		{DA6F56B4-06A4-441D-AD70-AC5A7D51FADB}.DLL Release - DLL OpenSSL|ARM.ActiveCfg = DLL Release - DLL OpenSSL|Win32
		{DA6F56B4-06A4-441D-AD70-AC5A7D51FADB}.DLL Release - DLL OpenSSL|x64.ActiveCfg = DLL Release - DLL OpenSSL|x64
		{DA6F56B4-06A4-441D-AD70-AC5A7D51FADB}.DLL Release - DLL OpenSSL|x64.Build.0 = DLL Release - DLL OpenSSL|x64
		{DA6F56B4-06A4-441D-AD70-AC5A7D51FADB}.DLL Release - DLL OpenSSL|x86.ActiveCfg = DLL Release - DLL OpenSSL|Win32
		{DA6F56B4-06A4-441D-AD70-AC5A7D51FADB}.DLL Release - DLL OpenSSL|x86.Build.0 = DLL Release - DLL OpenSSL|Win32
		{DA6F56B4-06A4-441D-AD70-AC5A7D51FADB}.DLL Release - DLL Windows SSPI - DLL WinIDN|ARM.ActiveCfg = DLL Release - DLL Windows SSPI - DLL WinIDN|Win32
		{DA6F56B4-06A4-441D-AD70-AC5A7D51FADB}.DLL Release - DLL Windows SSPI - DLL WinIDN|x64.ActiveCfg = DLL Release - DLL Windows SSPI - DLL WinIDN|x64
		{DA6F56B4-06A4-441D-AD70-AC5A7D51FADB}.DLL Release - DLL Windows SSPI - DLL WinIDN|x64.Build.0 = DLL Release - DLL Windows SSPI - DLL WinIDN|x64
		{DA6F56B4-06A4-441D-AD70-AC5A7D51FADB}.DLL Release - DLL Windows SSPI - DLL WinIDN|x86.ActiveCfg = DLL Release - DLL Windows SSPI - DLL WinIDN|Win32
		{DA6F56B4-06A4-441D-AD70-AC5A7D51FADB}.DLL Release - DLL Windows SSPI - DLL WinIDN|x86.Build.0 = DLL Release - DLL Windows SSPI - DLL WinIDN|Win32
		{DA6F56B4-06A4-441D-AD70-AC5A7D51FADB}.DLL Release - DLL Windows SSPI|ARM.ActiveCfg = DLL Release - DLL Windows SSPI|Win32
		{DA6F56B4-06A4-441D-AD70-AC5A7D51FADB}.DLL Release - DLL Windows SSPI|x64.ActiveCfg = DLL Release - DLL Windows SSPI|x64
		{DA6F56B4-06A4-441D-AD70-AC5A7D51FADB}.DLL Release - DLL Windows SSPI|x64.Build.0 = DLL Release - DLL Windows SSPI|x64
		{DA6F56B4-06A4-441D-AD70-AC5A7D51FADB}.DLL Release - DLL Windows SSPI|x86.ActiveCfg = DLL Release - DLL Windows SSPI|Win32
		{DA6F56B4-06A4-441D-AD70-AC5A7D51FADB}.DLL Release - DLL Windows SSPI|x86.Build.0 = DLL Release - DLL Windows SSPI|Win32
		{DA6F56B4-06A4-441D-AD70-AC5A7D51FADB}.DLL Release - DLL wolfSSL|ARM.ActiveCfg = DLL Release - DLL wolfSSL|Win32
		{DA6F56B4-06A4-441D-AD70-AC5A7D51FADB}.DLL Release - DLL wolfSSL|x64.ActiveCfg = DLL Release - DLL wolfSSL|x64
		{DA6F56B4-06A4-441D-AD70-AC5A7D51FADB}.DLL Release - DLL wolfSSL|x64.Build.0 = DLL Release - DLL wolfSSL|x64
		{DA6F56B4-06A4-441D-AD70-AC5A7D51FADB}.DLL Release - DLL wolfSSL|x86.ActiveCfg = DLL Release - DLL wolfSSL|Win32
		{DA6F56B4-06A4-441D-AD70-AC5A7D51FADB}.DLL Release - DLL wolfSSL|x86.Build.0 = DLL Release - DLL wolfSSL|Win32
		{DA6F56B4-06A4-441D-AD70-AC5A7D51FADB}.DLL Release|ARM.ActiveCfg = DLL Release|Win32
		{DA6F56B4-06A4-441D-AD70-AC5A7D51FADB}.DLL Release|x64.ActiveCfg = DLL Release|x64
		{DA6F56B4-06A4-441D-AD70-AC5A7D51FADB}.DLL Release|x64.Build.0 = DLL Release|x64
		{DA6F56B4-06A4-441D-AD70-AC5A7D51FADB}.DLL Release|x86.ActiveCfg = DLL Release|Win32
		{DA6F56B4-06A4-441D-AD70-AC5A7D51FADB}.DLL Release|x86.Build.0 = DLL Release|Win32
		{DA6F56B4-06A4-441D-AD70-AC5A7D51FADB}.LIB Debug - DLL OpenSSL - DLL LibSSH2|ARM.ActiveCfg = LIB Debug - DLL OpenSSL - DLL LibSSH2|Win32
		{DA6F56B4-06A4-441D-AD70-AC5A7D51FADB}.LIB Debug - DLL OpenSSL - DLL LibSSH2|x64.ActiveCfg = LIB Debug - DLL OpenSSL - DLL LibSSH2|x64
		{DA6F56B4-06A4-441D-AD70-AC5A7D51FADB}.LIB Debug - DLL OpenSSL - DLL LibSSH2|x64.Build.0 = LIB Debug - DLL OpenSSL - DLL LibSSH2|x64
		{DA6F56B4-06A4-441D-AD70-AC5A7D51FADB}.LIB Debug - DLL OpenSSL - DLL LibSSH2|x86.ActiveCfg = LIB Debug - DLL OpenSSL - DLL LibSSH2|Win32
		{DA6F56B4-06A4-441D-AD70-AC5A7D51FADB}.LIB Debug - DLL OpenSSL - DLL LibSSH2|x86.Build.0 = LIB Debug - DLL OpenSSL - DLL LibSSH2|Win32
		{DA6F56B4-06A4-441D-AD70-AC5A7D51FADB}.LIB Debug - DLL OpenSSL|ARM.ActiveCfg = LIB Debug - DLL OpenSSL|Win32
		{DA6F56B4-06A4-441D-AD70-AC5A7D51FADB}.LIB Debug - DLL OpenSSL|x64.ActiveCfg = LIB Debug - DLL OpenSSL|x64
		{DA6F56B4-06A4-441D-AD70-AC5A7D51FADB}.LIB Debug - DLL OpenSSL|x64.Build.0 = LIB Debug - DLL OpenSSL|x64
		{DA6F56B4-06A4-441D-AD70-AC5A7D51FADB}.LIB Debug - DLL OpenSSL|x86.ActiveCfg = LIB Debug - DLL OpenSSL|Win32
		{DA6F56B4-06A4-441D-AD70-AC5A7D51FADB}.LIB Debug - DLL OpenSSL|x86.Build.0 = LIB Debug - DLL OpenSSL|Win32
		{DA6F56B4-06A4-441D-AD70-AC5A7D51FADB}.LIB Debug - DLL Windows SSPI - DLL WinIDN|ARM.ActiveCfg = LIB Debug - DLL Windows SSPI - DLL WinIDN|Win32
		{DA6F56B4-06A4-441D-AD70-AC5A7D51FADB}.LIB Debug - DLL Windows SSPI - DLL WinIDN|x64.ActiveCfg = LIB Debug - DLL Windows SSPI - DLL WinIDN|x64
		{DA6F56B4-06A4-441D-AD70-AC5A7D51FADB}.LIB Debug - DLL Windows SSPI - DLL WinIDN|x64.Build.0 = LIB Debug - DLL Windows SSPI - DLL WinIDN|x64
		{DA6F56B4-06A4-441D-AD70-AC5A7D51FADB}.LIB Debug - DLL Windows SSPI - DLL WinIDN|x86.ActiveCfg = LIB Debug - DLL Windows SSPI - DLL WinIDN|Win32
		{DA6F56B4-06A4-441D-AD70-AC5A7D51FADB}.LIB Debug - DLL Windows SSPI - DLL WinIDN|x86.Build.0 = LIB Debug - DLL Windows SSPI - DLL WinIDN|Win32
		{DA6F56B4-06A4-441D-AD70-AC5A7D51FADB}.LIB Debug - DLL Windows SSPI|ARM.ActiveCfg = LIB Debug - DLL Windows SSPI|Win32
		{DA6F56B4-06A4-441D-AD70-AC5A7D51FADB}.LIB Debug - DLL Windows SSPI|x64.ActiveCfg = LIB Debug - DLL Windows SSPI|x64
		{DA6F56B4-06A4-441D-AD70-AC5A7D51FADB}.LIB Debug - DLL Windows SSPI|x64.Build.0 = LIB Debug - DLL Windows SSPI|x64
		{DA6F56B4-06A4-441D-AD70-AC5A7D51FADB}.LIB Debug - DLL Windows SSPI|x86.ActiveCfg = LIB Debug - DLL Windows SSPI|Win32
		{DA6F56B4-06A4-441D-AD70-AC5A7D51FADB}.LIB Debug - DLL Windows SSPI|x86.Build.0 = LIB Debug - DLL Windows SSPI|Win32
		{DA6F56B4-06A4-441D-AD70-AC5A7D51FADB}.LIB Debug - LIB OpenSSL - LIB LibSSH2|ARM.ActiveCfg = LIB Debug - LIB OpenSSL - LIB LibSSH2|Win32
		{DA6F56B4-06A4-441D-AD70-AC5A7D51FADB}.LIB Debug - LIB OpenSSL - LIB LibSSH2|x64.ActiveCfg = LIB Debug - LIB OpenSSL - LIB LibSSH2|x64
		{DA6F56B4-06A4-441D-AD70-AC5A7D51FADB}.LIB Debug - LIB OpenSSL - LIB LibSSH2|x64.Build.0 = LIB Debug - LIB OpenSSL - LIB LibSSH2|x64
		{DA6F56B4-06A4-441D-AD70-AC5A7D51FADB}.LIB Debug - LIB OpenSSL - LIB LibSSH2|x86.ActiveCfg = LIB Debug - LIB OpenSSL - LIB LibSSH2|Win32
		{DA6F56B4-06A4-441D-AD70-AC5A7D51FADB}.LIB Debug - LIB OpenSSL - LIB LibSSH2|x86.Build.0 = LIB Debug - LIB OpenSSL - LIB LibSSH2|Win32
		{DA6F56B4-06A4-441D-AD70-AC5A7D51FADB}.LIB Debug - LIB OpenSSL|ARM.ActiveCfg = LIB Debug - LIB OpenSSL|Win32
		{DA6F56B4-06A4-441D-AD70-AC5A7D51FADB}.LIB Debug - LIB OpenSSL|x64.ActiveCfg = LIB Debug - LIB OpenSSL|x64
		{DA6F56B4-06A4-441D-AD70-AC5A7D51FADB}.LIB Debug - LIB OpenSSL|x64.Build.0 = LIB Debug - LIB OpenSSL|x64
		{DA6F56B4-06A4-441D-AD70-AC5A7D51FADB}.LIB Debug - LIB OpenSSL|x86.ActiveCfg = LIB Debug - LIB OpenSSL|Win32
		{DA6F56B4-06A4-441D-AD70-AC5A7D51FADB}.LIB Debug - LIB OpenSSL|x86.Build.0 = LIB Debug - LIB OpenSSL|Win32
		{DA6F56B4-06A4-441D-AD70-AC5A7D51FADB}.LIB Debug - LIB wolfSSL|ARM.ActiveCfg = LIB Debug - LIB wolfSSL|Win32
		{DA6F56B4-06A4-441D-AD70-AC5A7D51FADB}.LIB Debug - LIB wolfSSL|x64.ActiveCfg = LIB Debug - LIB wolfSSL|x64
		{DA6F56B4-06A4-441D-AD70-AC5A7D51FADB}.LIB Debug - LIB wolfSSL|x64.Build.0 = LIB Debug - LIB wolfSSL|x64
		{DA6F56B4-06A4-441D-AD70-AC5A7D51FADB}.LIB Debug - LIB wolfSSL|x86.ActiveCfg = LIB Debug - LIB wolfSSL|Win32
		{DA6F56B4-06A4-441D-AD70-AC5A7D51FADB}.LIB Debug - LIB wolfSSL|x86.Build.0 = LIB Debug - LIB wolfSSL|Win32
		{DA6F56B4-06A4-441D-AD70-AC5A7D51FADB}.LIB Debug|ARM.ActiveCfg = LIB Debug|Win32
		{DA6F56B4-06A4-441D-AD70-AC5A7D51FADB}.LIB Debug|x64.ActiveCfg = LIB Debug|x64
		{DA6F56B4-06A4-441D-AD70-AC5A7D51FADB}.LIB Debug|x64.Build.0 = LIB Debug|x64
		{DA6F56B4-06A4-441D-AD70-AC5A7D51FADB}.LIB Debug|x86.ActiveCfg = LIB Debug|Win32
		{DA6F56B4-06A4-441D-AD70-AC5A7D51FADB}.LIB Debug|x86.Build.0 = LIB Debug|Win32
		{DA6F56B4-06A4-441D-AD70-AC5A7D51FADB}.LIB Release - DLL OpenSSL - DLL LibSSH2|ARM.ActiveCfg = LIB Release - DLL OpenSSL - DLL LibSSH2|Win32
		{DA6F56B4-06A4-441D-AD70-AC5A7D51FADB}.LIB Release - DLL OpenSSL - DLL LibSSH2|x64.ActiveCfg = LIB Release - DLL OpenSSL - DLL LibSSH2|x64
		{DA6F56B4-06A4-441D-AD70-AC5A7D51FADB}.LIB Release - DLL OpenSSL - DLL LibSSH2|x64.Build.0 = LIB Release - DLL OpenSSL - DLL LibSSH2|x64
		{DA6F56B4-06A4-441D-AD70-AC5A7D51FADB}.LIB Release - DLL OpenSSL - DLL LibSSH2|x86.ActiveCfg = LIB Release - DLL OpenSSL - DLL LibSSH2|Win32
		{DA6F56B4-06A4-441D-AD70-AC5A7D51FADB}.LIB Release - DLL OpenSSL - DLL LibSSH2|x86.Build.0 = LIB Release - DLL OpenSSL - DLL LibSSH2|Win32
		{DA6F56B4-06A4-441D-AD70-AC5A7D51FADB}.LIB Release - DLL OpenSSL|ARM.ActiveCfg = LIB Release - DLL OpenSSL|Win32
		{DA6F56B4-06A4-441D-AD70-AC5A7D51FADB}.LIB Release - DLL OpenSSL|x64.ActiveCfg = LIB Release - DLL OpenSSL|x64
		{DA6F56B4-06A4-441D-AD70-AC5A7D51FADB}.LIB Release - DLL OpenSSL|x64.Build.0 = LIB Release - DLL OpenSSL|x64
		{DA6F56B4-06A4-441D-AD70-AC5A7D51FADB}.LIB Release - DLL OpenSSL|x86.ActiveCfg = LIB Release - DLL OpenSSL|Win32
		{DA6F56B4-06A4-441D-AD70-AC5A7D51FADB}.LIB Release - DLL OpenSSL|x86.Build.0 = LIB Release - DLL OpenSSL|Win32
		{DA6F56B4-06A4-441D-AD70-AC5A7D51FADB}.LIB Release - DLL Windows SSPI - DLL WinIDN|ARM.ActiveCfg = LIB Release - DLL Windows SSPI - DLL WinIDN|Win32
		{DA6F56B4-06A4-441D-AD70-AC5A7D51FADB}.LIB Release - DLL Windows SSPI - DLL WinIDN|x64.ActiveCfg = LIB Release - DLL Windows SSPI - DLL WinIDN|x64
		{DA6F56B4-06A4-441D-AD70-AC5A7D51FADB}.LIB Release - DLL Windows SSPI - DLL WinIDN|x64.Build.0 = LIB Release - DLL Windows SSPI - DLL WinIDN|x64
		{DA6F56B4-06A4-441D-AD70-AC5A7D51FADB}.LIB Release - DLL Windows SSPI - DLL WinIDN|x86.ActiveCfg = LIB Release - DLL Windows SSPI - DLL WinIDN|Win32
		{DA6F56B4-06A4-441D-AD70-AC5A7D51FADB}.LIB Release - DLL Windows SSPI - DLL WinIDN|x86.Build.0 = LIB Release - DLL Windows SSPI - DLL WinIDN|Win32
		{DA6F56B4-06A4-441D-AD70-AC5A7D51FADB}.LIB Release - DLL Windows SSPI|ARM.ActiveCfg = LIB Release - DLL Windows SSPI|Win32
		{DA6F56B4-06A4-441D-AD70-AC5A7D51FADB}.LIB Release - DLL Windows SSPI|x64.ActiveCfg = LIB Release - DLL Windows SSPI|x64
		{DA6F56B4-06A4-441D-AD70-AC5A7D51FADB}.LIB Release - DLL Windows SSPI|x64.Build.0 = LIB Release - DLL Windows SSPI|x64
		{DA6F56B4-06A4-441D-AD70-AC5A7D51FADB}.LIB Release - DLL Windows SSPI|x86.ActiveCfg = LIB Release - DLL Windows SSPI|Win32
		{DA6F56B4-06A4-441D-AD70-AC5A7D51FADB}.LIB Release - DLL Windows SSPI|x86.Build.0 = LIB Release - DLL Windows SSPI|Win32
		{DA6F56B4-06A4-441D-AD70-AC5A7D51FADB}.LIB Release - LIB OpenSSL - LIB LibSSH2|ARM.ActiveCfg = LIB Release - LIB OpenSSL - LIB LibSSH2|Win32
		{DA6F56B4-06A4-441D-AD70-AC5A7D51FADB}.LIB Release - LIB OpenSSL - LIB LibSSH2|x64.ActiveCfg = LIB Release - LIB OpenSSL - LIB LibSSH2|x64
		{DA6F56B4-06A4-441D-AD70-AC5A7D51FADB}.LIB Release - LIB OpenSSL - LIB LibSSH2|x64.Build.0 = LIB Release - LIB OpenSSL - LIB LibSSH2|x64
		{DA6F56B4-06A4-441D-AD70-AC5A7D51FADB}.LIB Release - LIB OpenSSL - LIB LibSSH2|x86.ActiveCfg = LIB Release - LIB OpenSSL - LIB LibSSH2|Win32
		{DA6F56B4-06A4-441D-AD70-AC5A7D51FADB}.LIB Release - LIB OpenSSL - LIB LibSSH2|x86.Build.0 = LIB Release - LIB OpenSSL - LIB LibSSH2|Win32
		{DA6F56B4-06A4-441D-AD70-AC5A7D51FADB}.LIB Release - LIB OpenSSL|ARM.ActiveCfg = LIB Release - LIB OpenSSL|Win32
		{DA6F56B4-06A4-441D-AD70-AC5A7D51FADB}.LIB Release - LIB OpenSSL|x64.ActiveCfg = LIB Release - LIB OpenSSL|x64
		{DA6F56B4-06A4-441D-AD70-AC5A7D51FADB}.LIB Release - LIB OpenSSL|x64.Build.0 = LIB Release - LIB OpenSSL|x64
		{DA6F56B4-06A4-441D-AD70-AC5A7D51FADB}.LIB Release - LIB OpenSSL|x86.ActiveCfg = LIB Release - LIB OpenSSL|Win32
		{DA6F56B4-06A4-441D-AD70-AC5A7D51FADB}.LIB Release - LIB OpenSSL|x86.Build.0 = LIB Release - LIB OpenSSL|Win32
		{DA6F56B4-06A4-441D-AD70-AC5A7D51FADB}.LIB Release - LIB wolfSSL|ARM.ActiveCfg = LIB Release - LIB wolfSSL|Win32
		{DA6F56B4-06A4-441D-AD70-AC5A7D51FADB}.LIB Release - LIB wolfSSL|x64.ActiveCfg = LIB Release - LIB wolfSSL|x64
		{DA6F56B4-06A4-441D-AD70-AC5A7D51FADB}.LIB Release - LIB wolfSSL|x64.Build.0 = LIB Release - LIB wolfSSL|x64
		{DA6F56B4-06A4-441D-AD70-AC5A7D51FADB}.LIB Release - LIB wolfSSL|x86.ActiveCfg = LIB Release - LIB wolfSSL|Win32
		{DA6F56B4-06A4-441D-AD70-AC5A7D51FADB}.LIB Release - LIB wolfSSL|x86.Build.0 = LIB Release - LIB wolfSSL|Win32
		{DA6F56B4-06A4-441D-AD70-AC5A7D51FADB}.LIB Release|ARM.ActiveCfg = LIB Release|Win32
		{DA6F56B4-06A4-441D-AD70-AC5A7D51FADB}.LIB Release|x64.ActiveCfg = LIB Release|x64
		{DA6F56B4-06A4-441D-AD70-AC5A7D51FADB}.LIB Release|x64.Build.0 = LIB Release|x64
		{DA6F56B4-06A4-441D-AD70-AC5A7D51FADB}.LIB Release|x86.ActiveCfg = LIB Release|Win32
		{DA6F56B4-06A4-441D-AD70-AC5A7D51FADB}.LIB Release|x86.Build.0 = LIB Release|Win32
		{DA6F56B4-06A4-441D-AD70-AC5A7D51FADB}.Release|ARM.ActiveCfg = LIB Release - LIB OpenSSL - LIB LibSSH2|Win32
		{DA6F56B4-06A4-441D-AD70-AC5A7D51FADB}.Release|ARM.Build.0 = LIB Release - LIB OpenSSL - LIB LibSSH2|Win32
		{DA6F56B4-06A4-441D-AD70-AC5A7D51FADB}.Release|x64.ActiveCfg = LIB Release - LIB OpenSSL - LIB LibSSH2|x64
		{DA6F56B4-06A4-441D-AD70-AC5A7D51FADB}.Release|x64.Build.0 = LIB Release - LIB OpenSSL - LIB LibSSH2|x64
		{DA6F56B4-06A4-441D-AD70-AC5A7D51FADB}.Release|x86.ActiveCfg = LIB Release - LIB OpenSSL - LIB LibSSH2|Win32
		{DA6F56B4-06A4-441D-AD70-AC5A7D51FADB}.Release|x86.Build.0 = LIB Release - LIB OpenSSL - LIB LibSSH2|Win32
		{CC27A37E-394E-41E7-BBD0-2EC3014DAE6B}.Debug|ARM.ActiveCfg = Debug|ARM
		{CC27A37E-394E-41E7-BBD0-2EC3014DAE6B}.Debug|ARM.Build.0 = Debug|ARM
		{CC27A37E-394E-41E7-BBD0-2EC3014DAE6B}.Debug|x64.ActiveCfg = Debug|x64
		{CC27A37E-394E-41E7-BBD0-2EC3014DAE6B}.Debug|x64.Build.0 = Debug|x64
		{CC27A37E-394E-41E7-BBD0-2EC3014DAE6B}.Debug|x86.ActiveCfg = Debug|x86
		{CC27A37E-394E-41E7-BBD0-2EC3014DAE6B}.Debug|x86.Build.0 = Debug|x86
		{CC27A37E-394E-41E7-BBD0-2EC3014DAE6B}.DLL Debug - DLL OpenSSL - DLL LibSSH2|ARM.ActiveCfg = Debug|ARM
		{CC27A37E-394E-41E7-BBD0-2EC3014DAE6B}.DLL Debug - DLL OpenSSL - DLL LibSSH2|ARM.Build.0 = Debug|ARM
		{CC27A37E-394E-41E7-BBD0-2EC3014DAE6B}.DLL Debug - DLL OpenSSL - DLL LibSSH2|x64.ActiveCfg = Debug|x64
		{CC27A37E-394E-41E7-BBD0-2EC3014DAE6B}.DLL Debug - DLL OpenSSL - DLL LibSSH2|x64.Build.0 = Debug|x64
		{CC27A37E-394E-41E7-BBD0-2EC3014DAE6B}.DLL Debug - DLL OpenSSL - DLL LibSSH2|x86.ActiveCfg = Debug|x86
		{CC27A37E-394E-41E7-BBD0-2EC3014DAE6B}.DLL Debug - DLL OpenSSL - DLL LibSSH2|x86.Build.0 = Debug|x86
		{CC27A37E-394E-41E7-BBD0-2EC3014DAE6B}.DLL Debug - DLL OpenSSL|ARM.ActiveCfg = Debug|ARM
		{CC27A37E-394E-41E7-BBD0-2EC3014DAE6B}.DLL Debug - DLL OpenSSL|ARM.Build.0 = Debug|ARM
		{CC27A37E-394E-41E7-BBD0-2EC3014DAE6B}.DLL Debug - DLL OpenSSL|x64.ActiveCfg = Debug|x64
		{CC27A37E-394E-41E7-BBD0-2EC3014DAE6B}.DLL Debug - DLL OpenSSL|x64.Build.0 = Debug|x64
		{CC27A37E-394E-41E7-BBD0-2EC3014DAE6B}.DLL Debug - DLL OpenSSL|x86.ActiveCfg = Debug|x86
		{CC27A37E-394E-41E7-BBD0-2EC3014DAE6B}.DLL Debug - DLL OpenSSL|x86.Build.0 = Debug|x86
		{CC27A37E-394E-41E7-BBD0-2EC3014DAE6B}.DLL Debug - DLL Windows SSPI - DLL WinIDN|ARM.ActiveCfg = Debug|ARM
		{CC27A37E-394E-41E7-BBD0-2EC3014DAE6B}.DLL Debug - DLL Windows SSPI - DLL WinIDN|ARM.Build.0 = Debug|ARM
		{CC27A37E-394E-41E7-BBD0-2EC3014DAE6B}.DLL Debug - DLL Windows SSPI - DLL WinIDN|x64.ActiveCfg = Debug|x64
		{CC27A37E-394E-41E7-BBD0-2EC3014DAE6B}.DLL Debug - DLL Windows SSPI - DLL WinIDN|x64.Build.0 = Debug|x64
		{CC27A37E-394E-41E7-BBD0-2EC3014DAE6B}.DLL Debug - DLL Windows SSPI - DLL WinIDN|x86.ActiveCfg = Debug|x86
		{CC27A37E-394E-41E7-BBD0-2EC3014DAE6B}.DLL Debug - DLL Windows SSPI - DLL WinIDN|x86.Build.0 = Debug|x86
		{CC27A37E-394E-41E7-BBD0-2EC3014DAE6B}.DLL Debug - DLL Windows SSPI|ARM.ActiveCfg = Debug|ARM
		{CC27A37E-394E-41E7-BBD0-2EC3014DAE6B}.DLL Debug - DLL Windows SSPI|ARM.Build.0 = Debug|ARM
		{CC27A37E-394E-41E7-BBD0-2EC3014DAE6B}.DLL Debug - DLL Windows SSPI|x64.ActiveCfg = Debug|x64
		{CC27A37E-394E-41E7-BBD0-2EC3014DAE6B}.DLL Debug - DLL Windows SSPI|x64.Build.0 = Debug|x64
		{CC27A37E-394E-41E7-BBD0-2EC3014DAE6B}.DLL Debug - DLL Windows SSPI|x86.ActiveCfg = Debug|x86
		{CC27A37E-394E-41E7-BBD0-2EC3014DAE6B}.DLL Debug - DLL Windows SSPI|x86.Build.0 = Debug|x86
		{CC27A37E-394E-41E7-BBD0-2EC3014DAE6B}.DLL Debug - DLL wolfSSL|ARM.ActiveCfg = Debug|ARM
		{CC27A37E-394E-41E7-BBD0-2EC3014DAE6B}.DLL Debug - DLL wolfSSL|ARM.Build.0 = Debug|ARM
		{CC27A37E-394E-41E7-BBD0-2EC3014DAE6B}.DLL Debug - DLL wolfSSL|x64.ActiveCfg = Debug|x64
		{CC27A37E-394E-41E7-BBD0-2EC3014DAE6B}.DLL Debug - DLL wolfSSL|x64.Build.0 = Debug|x64
		{CC27A37E-394E-41E7-BBD0-2EC3014DAE6B}.DLL Debug - DLL wolfSSL|x86.ActiveCfg = Debug|x86
		{CC27A37E-394E-41E7-BBD0-2EC3014DAE6B}.DLL Debug - DLL wolfSSL|x86.Build.0 = Debug|x86
		{CC27A37E-394E-41E7-BBD0-2EC3014DAE6B}.DLL Debug|ARM.ActiveCfg = Debug|ARM
		{CC27A37E-394E-41E7-BBD0-2EC3014DAE6B}.DLL Debug|ARM.Build.0 = Debug|ARM
		{CC27A37E-394E-41E7-BBD0-2EC3014DAE6B}.DLL Debug|x64.ActiveCfg = Debug|x64
		{CC27A37E-394E-41E7-BBD0-2EC3014DAE6B}.DLL Debug|x64.Build.0 = Debug|x64
		{CC27A37E-394E-41E7-BBD0-2EC3014DAE6B}.DLL Debug|x86.ActiveCfg = Debug|x86
		{CC27A37E-394E-41E7-BBD0-2EC3014DAE6B}.DLL Debug|x86.Build.0 = Debug|x86
		{CC27A37E-394E-41E7-BBD0-2EC3014DAE6B}.DLL Release - DLL OpenSSL - DLL LibSSH2|ARM.ActiveCfg = Release|ARM
		{CC27A37E-394E-41E7-BBD0-2EC3014DAE6B}.DLL Release - DLL OpenSSL - DLL LibSSH2|ARM.Build.0 = Release|ARM
		{CC27A37E-394E-41E7-BBD0-2EC3014DAE6B}.DLL Release - DLL OpenSSL - DLL LibSSH2|x64.ActiveCfg = Release|x64
		{CC27A37E-394E-41E7-BBD0-2EC3014DAE6B}.DLL Release - DLL OpenSSL - DLL LibSSH2|x64.Build.0 = Release|x64
		{CC27A37E-394E-41E7-BBD0-2EC3014DAE6B}.DLL Release - DLL OpenSSL - DLL LibSSH2|x86.ActiveCfg = Release|x86
		{CC27A37E-394E-41E7-BBD0-2EC3014DAE6B}.DLL Release - DLL OpenSSL - DLL LibSSH2|x86.Build.0 = Release|x86
		{CC27A37E-394E-41E7-BBD0-2EC3014DAE6B}.DLL Release - DLL OpenSSL|ARM.ActiveCfg = Release|ARM
		{CC27A37E-394E-41E7-BBD0-2EC3014DAE6B}.DLL Release - DLL OpenSSL|ARM.Build.0 = Release|ARM
		{CC27A37E-394E-41E7-BBD0-2EC3014DAE6B}.DLL Release - DLL OpenSSL|x64.ActiveCfg = Release|x64
		{CC27A37E-394E-41E7-BBD0-2EC3014DAE6B}.DLL Release - DLL OpenSSL|x64.Build.0 = Release|x64
		{CC27A37E-394E-41E7-BBD0-2EC3014DAE6B}.DLL Release - DLL OpenSSL|x86.ActiveCfg = Release|x86
		{CC27A37E-394E-41E7-BBD0-2EC3014DAE6B}.DLL Release - DLL OpenSSL|x86.Build.0 = Release|x86
		{CC27A37E-394E-41E7-BBD0-2EC3014DAE6B}.DLL Release - DLL Windows SSPI - DLL WinIDN|ARM.ActiveCfg = Release|ARM
		{CC27A37E-394E-41E7-BBD0-2EC3014DAE6B}.DLL Release - DLL Windows SSPI - DLL WinIDN|ARM.Build.0 = Release|ARM
		{CC27A37E-394E-41E7-BBD0-2EC3014DAE6B}.DLL Release - DLL Windows SSPI - DLL WinIDN|x64.ActiveCfg = Release|x64
		{CC27A37E-394E-41E7-BBD0-2EC3014DAE6B}.DLL Release - DLL Windows SSPI - DLL WinIDN|x64.Build.0 = Release|x64
		{CC27A37E-394E-41E7-BBD0-2EC3014DAE6B}.DLL Release - DLL Windows SSPI - DLL WinIDN|x86.ActiveCfg = Release|x86
		{CC27A37E-394E-41E7-BBD0-2EC3014DAE6B}.DLL Release - DLL Windows SSPI - DLL WinIDN|x86.Build.0 = Release|x86
		{CC27A37E-394E-41E7-BBD0-2EC3014DAE6B}.DLL Release - DLL Windows SSPI|ARM.ActiveCfg = Release|ARM
		{CC27A37E-394E-41E7-BBD0-2EC3014DAE6B}.DLL Release - DLL Windows SSPI|ARM.Build.0 = Release|ARM
		{CC27A37E-394E-41E7-BBD0-2EC3014DAE6B}.DLL Release - DLL Windows SSPI|x64.ActiveCfg = Release|x64
		{CC27A37E-394E-41E7-BBD0-2EC3014DAE6B}.DLL Release - DLL Windows SSPI|x64.Build.0 = Release|x64
		{CC27A37E-394E-41E7-BBD0-2EC3014DAE6B}.DLL Release - DLL Windows SSPI|x86.ActiveCfg = Release|x86
		{CC27A37E-394E-41E7-BBD0-2EC3014DAE6B}.DLL Release - DLL Windows SSPI|x86.Build.0 = Release|x86
		{CC27A37E-394E-41E7-BBD0-2EC3014DAE6B}.DLL Release - DLL wolfSSL|ARM.ActiveCfg = Release|ARM
		{CC27A37E-394E-41E7-BBD0-2EC3014DAE6B}.DLL Release - DLL wolfSSL|ARM.Build.0 = Release|ARM
		{CC27A37E-394E-41E7-BBD0-2EC3014DAE6B}.DLL Release - DLL wolfSSL|x64.ActiveCfg = Release|x64
		{CC27A37E-394E-41E7-BBD0-2EC3014DAE6B}.DLL Release - DLL wolfSSL|x64.Build.0 = Release|x64
		{CC27A37E-394E-41E7-BBD0-2EC3014DAE6B}.DLL Release - DLL wolfSSL|x86.ActiveCfg = Release|x86
		{CC27A37E-394E-41E7-BBD0-2EC3014DAE6B}.DLL Release - DLL wolfSSL|x86.Build.0 = Release|x86
		{CC27A37E-394E-41E7-BBD0-2EC3014DAE6B}.DLL Release|ARM.ActiveCfg = Release|ARM
		{CC27A37E-394E-41E7-BBD0-2EC3014DAE6B}.DLL Release|ARM.Build.0 = Release|ARM
		{CC27A37E-394E-41E7-BBD0-2EC3014DAE6B}.DLL Release|x64.ActiveCfg = Release|x64
		{CC27A37E-394E-41E7-BBD0-2EC3014DAE6B}.DLL Release|x64.Build.0 = Release|x64
		{CC27A37E-394E-41E7-BBD0-2EC3014DAE6B}.DLL Release|x86.ActiveCfg = Release|x86
		{CC27A37E-394E-41E7-BBD0-2EC3014DAE6B}.DLL Release|x86.Build.0 = Release|x86
		{CC27A37E-394E-41E7-BBD0-2EC3014DAE6B}.LIB Debug - DLL OpenSSL - DLL LibSSH2|ARM.ActiveCfg = Debug|ARM
		{CC27A37E-394E-41E7-BBD0-2EC3014DAE6B}.LIB Debug - DLL OpenSSL - DLL LibSSH2|ARM.Build.0 = Debug|ARM
		{CC27A37E-394E-41E7-BBD0-2EC3014DAE6B}.LIB Debug - DLL OpenSSL - DLL LibSSH2|x64.ActiveCfg = Debug|x64
		{CC27A37E-394E-41E7-BBD0-2EC3014DAE6B}.LIB Debug - DLL OpenSSL - DLL LibSSH2|x64.Build.0 = Debug|x64
		{CC27A37E-394E-41E7-BBD0-2EC3014DAE6B}.LIB Debug - DLL OpenSSL - DLL LibSSH2|x86.ActiveCfg = Debug|x86
		{CC27A37E-394E-41E7-BBD0-2EC3014DAE6B}.LIB Debug - DLL OpenSSL - DLL LibSSH2|x86.Build.0 = Debug|x86
		{CC27A37E-394E-41E7-BBD0-2EC3014DAE6B}.LIB Debug - DLL OpenSSL|ARM.ActiveCfg = Debug|ARM
		{CC27A37E-394E-41E7-BBD0-2EC3014DAE6B}.LIB Debug - DLL OpenSSL|ARM.Build.0 = Debug|ARM
		{CC27A37E-394E-41E7-BBD0-2EC3014DAE6B}.LIB Debug - DLL OpenSSL|x64.ActiveCfg = Debug|x64
		{CC27A37E-394E-41E7-BBD0-2EC3014DAE6B}.LIB Debug - DLL OpenSSL|x64.Build.0 = Debug|x64
		{CC27A37E-394E-41E7-BBD0-2EC3014DAE6B}.LIB Debug - DLL OpenSSL|x86.ActiveCfg = Debug|x86
		{CC27A37E-394E-41E7-BBD0-2EC3014DAE6B}.LIB Debug - DLL OpenSSL|x86.Build.0 = Debug|x86
		{CC27A37E-394E-41E7-BBD0-2EC3014DAE6B}.LIB Debug - DLL Windows SSPI - DLL WinIDN|ARM.ActiveCfg = Debug|ARM
		{CC27A37E-394E-41E7-BBD0-2EC3014DAE6B}.LIB Debug - DLL Windows SSPI - DLL WinIDN|ARM.Build.0 = Debug|ARM
		{CC27A37E-394E-41E7-BBD0-2EC3014DAE6B}.LIB Debug - DLL Windows SSPI - DLL WinIDN|x64.ActiveCfg = Debug|x64
		{CC27A37E-394E-41E7-BBD0-2EC3014DAE6B}.LIB Debug - DLL Windows SSPI - DLL WinIDN|x64.Build.0 = Debug|x64
		{CC27A37E-394E-41E7-BBD0-2EC3014DAE6B}.LIB Debug - DLL Windows SSPI - DLL WinIDN|x86.ActiveCfg = Debug|x86
		{CC27A37E-394E-41E7-BBD0-2EC3014DAE6B}.LIB Debug - DLL Windows SSPI - DLL WinIDN|x86.Build.0 = Debug|x86
		{CC27A37E-394E-41E7-BBD0-2EC3014DAE6B}.LIB Debug - DLL Windows SSPI|ARM.ActiveCfg = Debug|ARM
		{CC27A37E-394E-41E7-BBD0-2EC3014DAE6B}.LIB Debug - DLL Windows SSPI|ARM.Build.0 = Debug|ARM
		{CC27A37E-394E-41E7-BBD0-2EC3014DAE6B}.LIB Debug - DLL Windows SSPI|x64.ActiveCfg = Debug|x64
		{CC27A37E-394E-41E7-BBD0-2EC3014DAE6B}.LIB Debug - DLL Windows SSPI|x64.Build.0 = Debug|x64
		{CC27A37E-394E-41E7-BBD0-2EC3014DAE6B}.LIB Debug - DLL Windows SSPI|x86.ActiveCfg = Debug|x86
		{CC27A37E-394E-41E7-BBD0-2EC3014DAE6B}.LIB Debug - DLL Windows SSPI|x86.Build.0 = Debug|x86
		{CC27A37E-394E-41E7-BBD0-2EC3014DAE6B}.LIB Debug - LIB OpenSSL - LIB LibSSH2|ARM.ActiveCfg = Debug|ARM
		{CC27A37E-394E-41E7-BBD0-2EC3014DAE6B}.LIB Debug - LIB OpenSSL - LIB LibSSH2|ARM.Build.0 = Debug|ARM
		{CC27A37E-394E-41E7-BBD0-2EC3014DAE6B}.LIB Debug - LIB OpenSSL - LIB LibSSH2|x64.ActiveCfg = Debug|x64
		{CC27A37E-394E-41E7-BBD0-2EC3014DAE6B}.LIB Debug - LIB OpenSSL - LIB LibSSH2|x64.Build.0 = Debug|x64
		{CC27A37E-394E-41E7-BBD0-2EC3014DAE6B}.LIB Debug - LIB OpenSSL - LIB LibSSH2|x86.ActiveCfg = Debug|x86
		{CC27A37E-394E-41E7-BBD0-2EC3014DAE6B}.LIB Debug - LIB OpenSSL - LIB LibSSH2|x86.Build.0 = Debug|x86
		{CC27A37E-394E-41E7-BBD0-2EC3014DAE6B}.LIB Debug - LIB OpenSSL|ARM.ActiveCfg = Debug|ARM
		{CC27A37E-394E-41E7-BBD0-2EC3014DAE6B}.LIB Debug - LIB OpenSSL|ARM.Build.0 = Debug|ARM
		{CC27A37E-394E-41E7-BBD0-2EC3014DAE6B}.LIB Debug - LIB OpenSSL|x64.ActiveCfg = Debug|x64
		{CC27A37E-394E-41E7-BBD0-2EC3014DAE6B}.LIB Debug - LIB OpenSSL|x64.Build.0 = Debug|x64
		{CC27A37E-394E-41E7-BBD0-2EC3014DAE6B}.LIB Debug - LIB OpenSSL|x86.ActiveCfg = Debug|x86
		{CC27A37E-394E-41E7-BBD0-2EC3014DAE6B}.LIB Debug - LIB OpenSSL|x86.Build.0 = Debug|x86
		{CC27A37E-394E-41E7-BBD0-2EC3014DAE6B}.LIB Debug - LIB wolfSSL|ARM.ActiveCfg = Debug|ARM
		{CC27A37E-394E-41E7-BBD0-2EC3014DAE6B}.LIB Debug - LIB wolfSSL|ARM.Build.0 = Debug|ARM
		{CC27A37E-394E-41E7-BBD0-2EC3014DAE6B}.LIB Debug - LIB wolfSSL|x64.ActiveCfg = Debug|x64
		{CC27A37E-394E-41E7-BBD0-2EC3014DAE6B}.LIB Debug - LIB wolfSSL|x64.Build.0 = Debug|x64
		{CC27A37E-394E-41E7-BBD0-2EC3014DAE6B}.LIB Debug - LIB wolfSSL|x86.ActiveCfg = Debug|x86
		{CC27A37E-394E-41E7-BBD0-2EC3014DAE6B}.LIB Debug - LIB wolfSSL|x86.Build.0 = Debug|x86
		{CC27A37E-394E-41E7-BBD0-2EC3014DAE6B}.LIB Debug|ARM.ActiveCfg = Debug|ARM
		{CC27A37E-394E-41E7-BBD0-2EC3014DAE6B}.LIB Debug|ARM.Build.0 = Debug|ARM
		{CC27A37E-394E-41E7-BBD0-2EC3014DAE6B}.LIB Debug|x64.ActiveCfg = Debug|x64
		{CC27A37E-394E-41E7-BBD0-2EC3014DAE6B}.LIB Debug|x64.Build.0 = Debug|x64
		{CC27A37E-394E-41E7-BBD0-2EC3014DAE6B}.LIB Debug|x86.ActiveCfg = Debug|x86
		{CC27A37E-394E-41E7-BBD0-2EC3014DAE6B}.LIB Debug|x86.Build.0 = Debug|x86
		{CC27A37E-394E-41E7-BBD0-2EC3014DAE6B}.LIB Release - DLL OpenSSL - DLL LibSSH2|ARM.ActiveCfg = Release|ARM
		{CC27A37E-394E-41E7-BBD0-2EC3014DAE6B}.LIB Release - DLL OpenSSL - DLL LibSSH2|ARM.Build.0 = Release|ARM
		{CC27A37E-394E-41E7-BBD0-2EC3014DAE6B}.LIB Release - DLL OpenSSL - DLL LibSSH2|x64.ActiveCfg = Release|x64
		{CC27A37E-394E-41E7-BBD0-2EC3014DAE6B}.LIB Release - DLL OpenSSL - DLL LibSSH2|x64.Build.0 = Release|x64
		{CC27A37E-394E-41E7-BBD0-2EC3014DAE6B}.LIB Release - DLL OpenSSL - DLL LibSSH2|x86.ActiveCfg = Release|x86
		{CC27A37E-394E-41E7-BBD0-2EC3014DAE6B}.LIB Release - DLL OpenSSL - DLL LibSSH2|x86.Build.0 = Release|x86
		{CC27A37E-394E-41E7-BBD0-2EC3014DAE6B}.LIB Release - DLL OpenSSL|ARM.ActiveCfg = Release|ARM
		{CC27A37E-394E-41E7-BBD0-2EC3014DAE6B}.LIB Release - DLL OpenSSL|ARM.Build.0 = Release|ARM
		{CC27A37E-394E-41E7-BBD0-2EC3014DAE6B}.LIB Release - DLL OpenSSL|x64.ActiveCfg = Release|x64
		{CC27A37E-394E-41E7-BBD0-2EC3014DAE6B}.LIB Release - DLL OpenSSL|x64.Build.0 = Release|x64
		{CC27A37E-394E-41E7-BBD0-2EC3014DAE6B}.LIB Release - DLL OpenSSL|x86.ActiveCfg = Release|x86
		{CC27A37E-394E-41E7-BBD0-2EC3014DAE6B}.LIB Release - DLL OpenSSL|x86.Build.0 = Release|x86
		{CC27A37E-394E-41E7-BBD0-2EC3014DAE6B}.LIB Release - DLL Windows SSPI - DLL WinIDN|ARM.ActiveCfg = Release|ARM
		{CC27A37E-394E-41E7-BBD0-2EC3014DAE6B}.LIB Release - DLL Windows SSPI - DLL WinIDN|ARM.Build.0 = Release|ARM
		{CC27A37E-394E-41E7-BBD0-2EC3014DAE6B}.LIB Release - DLL Windows SSPI - DLL WinIDN|x64.ActiveCfg = Release|x64
		{CC27A37E-394E-41E7-BBD0-2EC3014DAE6B}.LIB Release - DLL Windows SSPI - DLL WinIDN|x64.Build.0 = Release|x64
		{CC27A37E-394E-41E7-BBD0-2EC3014DAE6B}.LIB Release - DLL Windows SSPI - DLL WinIDN|x86.ActiveCfg = Release|x86
		{CC27A37E-394E-41E7-BBD0-2EC3014DAE6B}.LIB Release - DLL Windows SSPI - DLL WinIDN|x86.Build.0 = Release|x86
		{CC27A37E-394E-41E7-BBD0-2EC3014DAE6B}.LIB Release - DLL Windows SSPI|ARM.ActiveCfg = Release|ARM
		{CC27A37E-394E-41E7-BBD0-2EC3014DAE6B}.LIB Release - DLL Windows SSPI|ARM.Build.0 = Release|ARM
		{CC27A37E-394E-41E7-BBD0-2EC3014DAE6B}.LIB Release - DLL Windows SSPI|x64.ActiveCfg = Release|x64
		{CC27A37E-394E-41E7-BBD0-2EC3014DAE6B}.LIB Release - DLL Windows SSPI|x64.Build.0 = Release|x64
		{CC27A37E-394E-41E7-BBD0-2EC3014DAE6B}.LIB Release - DLL Windows SSPI|x86.ActiveCfg = Release|x86
		{CC27A37E-394E-41E7-BBD0-2EC3014DAE6B}.LIB Release - DLL Windows SSPI|x86.Build.0 = Release|x86
		{CC27A37E-394E-41E7-BBD0-2EC3014DAE6B}.LIB Release - LIB OpenSSL - LIB LibSSH2|ARM.ActiveCfg = Release|ARM
		{CC27A37E-394E-41E7-BBD0-2EC3014DAE6B}.LIB Release - LIB OpenSSL - LIB LibSSH2|ARM.Build.0 = Release|ARM
		{CC27A37E-394E-41E7-BBD0-2EC3014DAE6B}.LIB Release - LIB OpenSSL - LIB LibSSH2|x64.ActiveCfg = Release|x64
		{CC27A37E-394E-41E7-BBD0-2EC3014DAE6B}.LIB Release - LIB OpenSSL - LIB LibSSH2|x64.Build.0 = Release|x64
		{CC27A37E-394E-41E7-BBD0-2EC3014DAE6B}.LIB Release - LIB OpenSSL - LIB LibSSH2|x86.ActiveCfg = Release|x86
		{CC27A37E-394E-41E7-BBD0-2EC3014DAE6B}.LIB Release - LIB OpenSSL - LIB LibSSH2|x86.Build.0 = Release|x86
		{CC27A37E-394E-41E7-BBD0-2EC3014DAE6B}.LIB Release - LIB OpenSSL|ARM.ActiveCfg = Release|ARM
		{CC27A37E-394E-41E7-BBD0-2EC3014DAE6B}.LIB Release - LIB OpenSSL|ARM.Build.0 = Release|ARM
		{CC27A37E-394E-41E7-BBD0-2EC3014DAE6B}.LIB Release - LIB OpenSSL|x64.ActiveCfg = Release|x64
		{CC27A37E-394E-41E7-BBD0-2EC3014DAE6B}.LIB Release - LIB OpenSSL|x64.Build.0 = Release|x64
		{CC27A37E-394E-41E7-BBD0-2EC3014DAE6B}.LIB Release - LIB OpenSSL|x86.ActiveCfg = Release|x86
		{CC27A37E-394E-41E7-BBD0-2EC3014DAE6B}.LIB Release - LIB OpenSSL|x86.Build.0 = Release|x86
		{CC27A37E-394E-41E7-BBD0-2EC3014DAE6B}.LIB Release - LIB wolfSSL|ARM.ActiveCfg = Release|ARM
		{CC27A37E-394E-41E7-BBD0-2EC3014DAE6B}.LIB Release - LIB wolfSSL|ARM.Build.0 = Release|ARM
		{CC27A37E-394E-41E7-BBD0-2EC3014DAE6B}.LIB Release - LIB wolfSSL|x64.ActiveCfg = Release|x64
		{CC27A37E-394E-41E7-BBD0-2EC3014DAE6B}.LIB Release - LIB wolfSSL|x64.Build.0 = Release|x64
		{CC27A37E-394E-41E7-BBD0-2EC3014DAE6B}.LIB Release - LIB wolfSSL|x86.ActiveCfg = Release|x86
		{CC27A37E-394E-41E7-BBD0-2EC3014DAE6B}.LIB Release - LIB wolfSSL|x86.Build.0 = Release|x86
		{CC27A37E-394E-41E7-BBD0-2EC3014DAE6B}.LIB Release|ARM.ActiveCfg = Release|ARM
		{CC27A37E-394E-41E7-BBD0-2EC3014DAE6B}.LIB Release|ARM.Build.0 = Release|ARM
		{CC27A37E-394E-41E7-BBD0-2EC3014DAE6B}.LIB Release|x64.ActiveCfg = Release|x64
		{CC27A37E-394E-41E7-BBD0-2EC3014DAE6B}.LIB Release|x64.Build.0 = Release|x64
		{CC27A37E-394E-41E7-BBD0-2EC3014DAE6B}.LIB Release|x86.ActiveCfg = Release|x86
		{CC27A37E-394E-41E7-BBD0-2EC3014DAE6B}.LIB Release|x86.Build.0 = Release|x86
		{CC27A37E-394E-41E7-BBD0-2EC3014DAE6B}.Release|ARM.ActiveCfg = Release|ARM
		{CC27A37E-394E-41E7-BBD0-2EC3014DAE6B}.Release|ARM.Build.0 = Release|ARM
		{CC27A37E-394E-41E7-BBD0-2EC3014DAE6B}.Release|x64.ActiveCfg = Release|x64
		{CC27A37E-394E-41E7-BBD0-2EC3014DAE6B}.Release|x64.Build.0 = Release|x64
		{CC27A37E-394E-41E7-BBD0-2EC3014DAE6B}.Release|x86.ActiveCfg = Release|x86
		{CC27A37E-394E-41E7-BBD0-2EC3014DAE6B}.Release|x86.Build.0 = Release|x86
		{25B55CFE-8DF1-4055-A14D-1478F9F4BC95}.Debug|ARM.ActiveCfg = Debug|Win32
		{25B55CFE-8DF1-4055-A14D-1478F9F4BC95}.Debug|x64.ActiveCfg = Debug|x64
		{25B55CFE-8DF1-4055-A14D-1478F9F4BC95}.Debug|x64.Build.0 = Debug|x64
		{25B55CFE-8DF1-4055-A14D-1478F9F4BC95}.Debug|x86.ActiveCfg = Debug|Win32
		{25B55CFE-8DF1-4055-A14D-1478F9F4BC95}.Debug|x86.Build.0 = Debug|Win32
		{25B55CFE-8DF1-4055-A14D-1478F9F4BC95}.DLL Debug - DLL OpenSSL - DLL LibSSH2|ARM.ActiveCfg = Release|x64
		{25B55CFE-8DF1-4055-A14D-1478F9F4BC95}.DLL Debug - DLL OpenSSL - DLL LibSSH2|ARM.Build.0 = Release|x64
		{25B55CFE-8DF1-4055-A14D-1478F9F4BC95}.DLL Debug - DLL OpenSSL - DLL LibSSH2|x64.ActiveCfg = Debug|x64
		{25B55CFE-8DF1-4055-A14D-1478F9F4BC95}.DLL Debug - DLL OpenSSL - DLL LibSSH2|x64.Build.0 = Debug|x64
		{25B55CFE-8DF1-4055-A14D-1478F9F4BC95}.DLL Debug - DLL OpenSSL - DLL LibSSH2|x86.ActiveCfg = Debug|Win32
		{25B55CFE-8DF1-4055-A14D-1478F9F4BC95}.DLL Debug - DLL OpenSSL - DLL LibSSH2|x86.Build.0 = Debug|Win32
		{25B55CFE-8DF1-4055-A14D-1478F9F4BC95}.DLL Debug - DLL OpenSSL|ARM.ActiveCfg = Release|x64
		{25B55CFE-8DF1-4055-A14D-1478F9F4BC95}.DLL Debug - DLL OpenSSL|ARM.Build.0 = Release|x64
		{25B55CFE-8DF1-4055-A14D-1478F9F4BC95}.DLL Debug - DLL OpenSSL|x64.ActiveCfg = Debug|x64
		{25B55CFE-8DF1-4055-A14D-1478F9F4BC95}.DLL Debug - DLL OpenSSL|x64.Build.0 = Debug|x64
		{25B55CFE-8DF1-4055-A14D-1478F9F4BC95}.DLL Debug - DLL OpenSSL|x86.ActiveCfg = Debug|Win32
		{25B55CFE-8DF1-4055-A14D-1478F9F4BC95}.DLL Debug - DLL OpenSSL|x86.Build.0 = Debug|Win32
		{25B55CFE-8DF1-4055-A14D-1478F9F4BC95}.DLL Debug - DLL Windows SSPI - DLL WinIDN|ARM.ActiveCfg = Release|x64
		{25B55CFE-8DF1-4055-A14D-1478F9F4BC95}.DLL Debug - DLL Windows SSPI - DLL WinIDN|ARM.Build.0 = Release|x64
		{25B55CFE-8DF1-4055-A14D-1478F9F4BC95}.DLL Debug - DLL Windows SSPI - DLL WinIDN|x64.ActiveCfg = Debug|x64
		{25B55CFE-8DF1-4055-A14D-1478F9F4BC95}.DLL Debug - DLL Windows SSPI - DLL WinIDN|x64.Build.0 = Debug|x64
		{25B55CFE-8DF1-4055-A14D-1478F9F4BC95}.DLL Debug - DLL Windows SSPI - DLL WinIDN|x86.ActiveCfg = Debug|Win32
		{25B55CFE-8DF1-4055-A14D-1478F9F4BC95}.DLL Debug - DLL Windows SSPI - DLL WinIDN|x86.Build.0 = Debug|Win32
		{25B55CFE-8DF1-4055-A14D-1478F9F4BC95}.DLL Debug - DLL Windows SSPI|ARM.ActiveCfg = Release|x64
		{25B55CFE-8DF1-4055-A14D-1478F9F4BC95}.DLL Debug - DLL Windows SSPI|ARM.Build.0 = Release|x64
		{25B55CFE-8DF1-4055-A14D-1478F9F4BC95}.DLL Debug - DLL Windows SSPI|x64.ActiveCfg = Debug|x64
		{25B55CFE-8DF1-4055-A14D-1478F9F4BC95}.DLL Debug - DLL Windows SSPI|x64.Build.0 = Debug|x64
		{25B55CFE-8DF1-4055-A14D-1478F9F4BC95}.DLL Debug - DLL Windows SSPI|x86.ActiveCfg = Debug|Win32
		{25B55CFE-8DF1-4055-A14D-1478F9F4BC95}.DLL Debug - DLL Windows SSPI|x86.Build.0 = Debug|Win32
		{25B55CFE-8DF1-4055-A14D-1478F9F4BC95}.DLL Debug - DLL wolfSSL|ARM.ActiveCfg = Release|x64
		{25B55CFE-8DF1-4055-A14D-1478F9F4BC95}.DLL Debug - DLL wolfSSL|ARM.Build.0 = Release|x64
		{25B55CFE-8DF1-4055-A14D-1478F9F4BC95}.DLL Debug - DLL wolfSSL|x64.ActiveCfg = Debug|x64
		{25B55CFE-8DF1-4055-A14D-1478F9F4BC95}.DLL Debug - DLL wolfSSL|x64.Build.0 = Debug|x64
		{25B55CFE-8DF1-4055-A14D-1478F9F4BC95}.DLL Debug - DLL wolfSSL|x86.ActiveCfg = Debug|Win32
		{25B55CFE-8DF1-4055-A14D-1478F9F4BC95}.DLL Debug - DLL wolfSSL|x86.Build.0 = Debug|Win32
		{25B55CFE-8DF1-4055-A14D-1478F9F4BC95}.DLL Debug|ARM.ActiveCfg = Release|x64
		{25B55CFE-8DF1-4055-A14D-1478F9F4BC95}.DLL Debug|ARM.Build.0 = Release|x64
		{25B55CFE-8DF1-4055-A14D-1478F9F4BC95}.DLL Debug|x64.ActiveCfg = Debug|x64
		{25B55CFE-8DF1-4055-A14D-1478F9F4BC95}.DLL Debug|x64.Build.0 = Debug|x64
		{25B55CFE-8DF1-4055-A14D-1478F9F4BC95}.DLL Debug|x86.ActiveCfg = Debug|Win32
		{25B55CFE-8DF1-4055-A14D-1478F9F4BC95}.DLL Debug|x86.Build.0 = Debug|Win32
		{25B55CFE-8DF1-4055-A14D-1478F9F4BC95}.DLL Release - DLL OpenSSL - DLL LibSSH2|ARM.ActiveCfg = Release|x64
		{25B55CFE-8DF1-4055-A14D-1478F9F4BC95}.DLL Release - DLL OpenSSL - DLL LibSSH2|ARM.Build.0 = Release|x64
		{25B55CFE-8DF1-4055-A14D-1478F9F4BC95}.DLL Release - DLL OpenSSL - DLL LibSSH2|x64.ActiveCfg = Release|x64
		{25B55CFE-8DF1-4055-A14D-1478F9F4BC95}.DLL Release - DLL OpenSSL - DLL LibSSH2|x64.Build.0 = Release|x64
		{25B55CFE-8DF1-4055-A14D-1478F9F4BC95}.DLL Release - DLL OpenSSL - DLL LibSSH2|x86.ActiveCfg = Release|Win32
		{25B55CFE-8DF1-4055-A14D-1478F9F4BC95}.DLL Release - DLL OpenSSL - DLL LibSSH2|x86.Build.0 = Release|Win32
		{25B55CFE-8DF1-4055-A14D-1478F9F4BC95}.DLL Release - DLL OpenSSL|ARM.ActiveCfg = Release|x64
		{25B55CFE-8DF1-4055-A14D-1478F9F4BC95}.DLL Release - DLL OpenSSL|ARM.Build.0 = Release|x64
		{25B55CFE-8DF1-4055-A14D-1478F9F4BC95}.DLL Release - DLL OpenSSL|x64.ActiveCfg = Release|x64
		{25B55CFE-8DF1-4055-A14D-1478F9F4BC95}.DLL Release - DLL OpenSSL|x64.Build.0 = Release|x64
		{25B55CFE-8DF1-4055-A14D-1478F9F4BC95}.DLL Release - DLL OpenSSL|x86.ActiveCfg = Release|Win32
		{25B55CFE-8DF1-4055-A14D-1478F9F4BC95}.DLL Release - DLL OpenSSL|x86.Build.0 = Release|Win32
		{25B55CFE-8DF1-4055-A14D-1478F9F4BC95}.DLL Release - DLL Windows SSPI - DLL WinIDN|ARM.ActiveCfg = Release|x64
		{25B55CFE-8DF1-4055-A14D-1478F9F4BC95}.DLL Release - DLL Windows SSPI - DLL WinIDN|ARM.Build.0 = Release|x64
		{25B55CFE-8DF1-4055-A14D-1478F9F4BC95}.DLL Release - DLL Windows SSPI - DLL WinIDN|x64.ActiveCfg = Release|x64
		{25B55CFE-8DF1-4055-A14D-1478F9F4BC95}.DLL Release - DLL Windows SSPI - DLL WinIDN|x64.Build.0 = Release|x64
		{25B55CFE-8DF1-4055-A14D-1478F9F4BC95}.DLL Release - DLL Windows SSPI - DLL WinIDN|x86.ActiveCfg = Release|Win32
		{25B55CFE-8DF1-4055-A14D-1478F9F4BC95}.DLL Release - DLL Windows SSPI - DLL WinIDN|x86.Build.0 = Release|Win32
		{25B55CFE-8DF1-4055-A14D-1478F9F4BC95}.DLL Release - DLL Windows SSPI|ARM.ActiveCfg = Release|x64
		{25B55CFE-8DF1-4055-A14D-1478F9F4BC95}.DLL Release - DLL Windows SSPI|ARM.Build.0 = Release|x64
		{25B55CFE-8DF1-4055-A14D-1478F9F4BC95}.DLL Release - DLL Windows SSPI|x64.ActiveCfg = Release|x64
		{25B55CFE-8DF1-4055-A14D-1478F9F4BC95}.DLL Release - DLL Windows SSPI|x64.Build.0 = Release|x64
		{25B55CFE-8DF1-4055-A14D-1478F9F4BC95}.DLL Release - DLL Windows SSPI|x86.ActiveCfg = Release|Win32
		{25B55CFE-8DF1-4055-A14D-1478F9F4BC95}.DLL Release - DLL Windows SSPI|x86.Build.0 = Release|Win32
		{25B55CFE-8DF1-4055-A14D-1478F9F4BC95}.DLL Release - DLL wolfSSL|ARM.ActiveCfg = Release|x64
		{25B55CFE-8DF1-4055-A14D-1478F9F4BC95}.DLL Release - DLL wolfSSL|ARM.Build.0 = Release|x64
		{25B55CFE-8DF1-4055-A14D-1478F9F4BC95}.DLL Release - DLL wolfSSL|x64.ActiveCfg = Release|x64
		{25B55CFE-8DF1-4055-A14D-1478F9F4BC95}.DLL Release - DLL wolfSSL|x64.Build.0 = Release|x64
		{25B55CFE-8DF1-4055-A14D-1478F9F4BC95}.DLL Release - DLL wolfSSL|x86.ActiveCfg = Release|Win32
		{25B55CFE-8DF1-4055-A14D-1478F9F4BC95}.DLL Release - DLL wolfSSL|x86.Build.0 = Release|Win32
		{25B55CFE-8DF1-4055-A14D-1478F9F4BC95}.DLL Release|ARM.ActiveCfg = Release|x64
		{25B55CFE-8DF1-4055-A14D-1478F9F4BC95}.DLL Release|ARM.Build.0 = Release|x64
		{25B55CFE-8DF1-4055-A14D-1478F9F4BC95}.DLL Release|x64.ActiveCfg = Release|x64
		{25B55CFE-8DF1-4055-A14D-1478F9F4BC95}.DLL Release|x64.Build.0 = Release|x64
		{25B55CFE-8DF1-4055-A14D-1478F9F4BC95}.DLL Release|x86.ActiveCfg = Release|Win32
		{25B55CFE-8DF1-4055-A14D-1478F9F4BC95}.DLL Release|x86.Build.0 = Release|Win32
		{25B55CFE-8DF1-4055-A14D-1478F9F4BC95}.LIB Debug - DLL OpenSSL - DLL LibSSH2|ARM.ActiveCfg = Release|x64
		{25B55CFE-8DF1-4055-A14D-1478F9F4BC95}.LIB Debug - DLL OpenSSL - DLL LibSSH2|ARM.Build.0 = Release|x64
		{25B55CFE-8DF1-4055-A14D-1478F9F4BC95}.LIB Debug - DLL OpenSSL - DLL LibSSH2|x64.ActiveCfg = Debug|x64
		{25B55CFE-8DF1-4055-A14D-1478F9F4BC95}.LIB Debug - DLL OpenSSL - DLL LibSSH2|x64.Build.0 = Debug|x64
		{25B55CFE-8DF1-4055-A14D-1478F9F4BC95}.LIB Debug - DLL OpenSSL - DLL LibSSH2|x86.ActiveCfg = Debug|Win32
		{25B55CFE-8DF1-4055-A14D-1478F9F4BC95}.LIB Debug - DLL OpenSSL - DLL LibSSH2|x86.Build.0 = Debug|Win32
		{25B55CFE-8DF1-4055-A14D-1478F9F4BC95}.LIB Debug - DLL OpenSSL|ARM.ActiveCfg = Release|x64
		{25B55CFE-8DF1-4055-A14D-1478F9F4BC95}.LIB Debug - DLL OpenSSL|ARM.Build.0 = Release|x64
		{25B55CFE-8DF1-4055-A14D-1478F9F4BC95}.LIB Debug - DLL OpenSSL|x64.ActiveCfg = Debug|x64
		{25B55CFE-8DF1-4055-A14D-1478F9F4BC95}.LIB Debug - DLL OpenSSL|x64.Build.0 = Debug|x64
		{25B55CFE-8DF1-4055-A14D-1478F9F4BC95}.LIB Debug - DLL OpenSSL|x86.ActiveCfg = Debug|Win32
		{25B55CFE-8DF1-4055-A14D-1478F9F4BC95}.LIB Debug - DLL OpenSSL|x86.Build.0 = Debug|Win32
		{25B55CFE-8DF1-4055-A14D-1478F9F4BC95}.LIB Debug - DLL Windows SSPI - DLL WinIDN|ARM.ActiveCfg = Release|x64
		{25B55CFE-8DF1-4055-A14D-1478F9F4BC95}.LIB Debug - DLL Windows SSPI - DLL WinIDN|ARM.Build.0 = Release|x64
		{25B55CFE-8DF1-4055-A14D-1478F9F4BC95}.LIB Debug - DLL Windows SSPI - DLL WinIDN|x64.ActiveCfg = Debug|x64
		{25B55CFE-8DF1-4055-A14D-1478F9F4BC95}.LIB Debug - DLL Windows SSPI - DLL WinIDN|x64.Build.0 = Debug|x64
		{25B55CFE-8DF1-4055-A14D-1478F9F4BC95}.LIB Debug - DLL Windows SSPI - DLL WinIDN|x86.ActiveCfg = Debug|Win32
		{25B55CFE-8DF1-4055-A14D-1478F9F4BC95}.LIB Debug - DLL Windows SSPI - DLL WinIDN|x86.Build.0 = Debug|Win32
		{25B55CFE-8DF1-4055-A14D-1478F9F4BC95}.LIB Debug - DLL Windows SSPI|ARM.ActiveCfg = Release|x64
		{25B55CFE-8DF1-4055-A14D-1478F9F4BC95}.LIB Debug - DLL Windows SSPI|ARM.Build.0 = Release|x64
		{25B55CFE-8DF1-4055-A14D-1478F9F4BC95}.LIB Debug - DLL Windows SSPI|x64.ActiveCfg = Debug|x64
		{25B55CFE-8DF1-4055-A14D-1478F9F4BC95}.LIB Debug - DLL Windows SSPI|x64.Build.0 = Debug|x64
		{25B55CFE-8DF1-4055-A14D-1478F9F4BC95}.LIB Debug - DLL Windows SSPI|x86.ActiveCfg = Debug|Win32
		{25B55CFE-8DF1-4055-A14D-1478F9F4BC95}.LIB Debug - DLL Windows SSPI|x86.Build.0 = Debug|Win32
		{25B55CFE-8DF1-4055-A14D-1478F9F4BC95}.LIB Debug - LIB OpenSSL - LIB LibSSH2|ARM.ActiveCfg = Release|x64
		{25B55CFE-8DF1-4055-A14D-1478F9F4BC95}.LIB Debug - LIB OpenSSL - LIB LibSSH2|ARM.Build.0 = Release|x64
		{25B55CFE-8DF1-4055-A14D-1478F9F4BC95}.LIB Debug - LIB OpenSSL - LIB LibSSH2|x64.ActiveCfg = Debug|x64
		{25B55CFE-8DF1-4055-A14D-1478F9F4BC95}.LIB Debug - LIB OpenSSL - LIB LibSSH2|x64.Build.0 = Debug|x64
		{25B55CFE-8DF1-4055-A14D-1478F9F4BC95}.LIB Debug - LIB OpenSSL - LIB LibSSH2|x86.ActiveCfg = Debug|Win32
		{25B55CFE-8DF1-4055-A14D-1478F9F4BC95}.LIB Debug - LIB OpenSSL - LIB LibSSH2|x86.Build.0 = Debug|Win32
		{25B55CFE-8DF1-4055-A14D-1478F9F4BC95}.LIB Debug - LIB OpenSSL|ARM.ActiveCfg = Release|x64
		{25B55CFE-8DF1-4055-A14D-1478F9F4BC95}.LIB Debug - LIB OpenSSL|ARM.Build.0 = Release|x64
		{25B55CFE-8DF1-4055-A14D-1478F9F4BC95}.LIB Debug - LIB OpenSSL|x64.ActiveCfg = Debug|x64
		{25B55CFE-8DF1-4055-A14D-1478F9F4BC95}.LIB Debug - LIB OpenSSL|x64.Build.0 = Debug|x64
		{25B55CFE-8DF1-4055-A14D-1478F9F4BC95}.LIB Debug - LIB OpenSSL|x86.ActiveCfg = Debug|Win32
		{25B55CFE-8DF1-4055-A14D-1478F9F4BC95}.LIB Debug - LIB OpenSSL|x86.Build.0 = Debug|Win32
		{25B55CFE-8DF1-4055-A14D-1478F9F4BC95}.LIB Debug - LIB wolfSSL|ARM.ActiveCfg = Release|x64
		{25B55CFE-8DF1-4055-A14D-1478F9F4BC95}.LIB Debug - LIB wolfSSL|ARM.Build.0 = Release|x64
		{25B55CFE-8DF1-4055-A14D-1478F9F4BC95}.LIB Debug - LIB wolfSSL|x64.ActiveCfg = Debug|x64
		{25B55CFE-8DF1-4055-A14D-1478F9F4BC95}.LIB Debug - LIB wolfSSL|x64.Build.0 = Debug|x64
		{25B55CFE-8DF1-4055-A14D-1478F9F4BC95}.LIB Debug - LIB wolfSSL|x86.ActiveCfg = Debug|Win32
		{25B55CFE-8DF1-4055-A14D-1478F9F4BC95}.LIB Debug - LIB wolfSSL|x86.Build.0 = Debug|Win32
		{25B55CFE-8DF1-4055-A14D-1478F9F4BC95}.LIB Debug|ARM.ActiveCfg = Release|x64
		{25B55CFE-8DF1-4055-A14D-1478F9F4BC95}.LIB Debug|ARM.Build.0 = Release|x64
		{25B55CFE-8DF1-4055-A14D-1478F9F4BC95}.LIB Debug|x64.ActiveCfg = Debug|x64
		{25B55CFE-8DF1-4055-A14D-1478F9F4BC95}.LIB Debug|x64.Build.0 = Debug|x64
		{25B55CFE-8DF1-4055-A14D-1478F9F4BC95}.LIB Debug|x86.ActiveCfg = Debug|Win32
		{25B55CFE-8DF1-4055-A14D-1478F9F4BC95}.LIB Debug|x86.Build.0 = Debug|Win32
		{25B55CFE-8DF1-4055-A14D-1478F9F4BC95}.LIB Release - DLL OpenSSL - DLL LibSSH2|ARM.ActiveCfg = Release|x64
		{25B55CFE-8DF1-4055-A14D-1478F9F4BC95}.LIB Release - DLL OpenSSL - DLL LibSSH2|ARM.Build.0 = Release|x64
		{25B55CFE-8DF1-4055-A14D-1478F9F4BC95}.LIB Release - DLL OpenSSL - DLL LibSSH2|x64.ActiveCfg = Release|x64
		{25B55CFE-8DF1-4055-A14D-1478F9F4BC95}.LIB Release - DLL OpenSSL - DLL LibSSH2|x64.Build.0 = Release|x64
		{25B55CFE-8DF1-4055-A14D-1478F9F4BC95}.LIB Release - DLL OpenSSL - DLL LibSSH2|x86.ActiveCfg = Release|Win32
		{25B55CFE-8DF1-4055-A14D-1478F9F4BC95}.LIB Release - DLL OpenSSL - DLL LibSSH2|x86.Build.0 = Release|Win32
		{25B55CFE-8DF1-4055-A14D-1478F9F4BC95}.LIB Release - DLL OpenSSL|ARM.ActiveCfg = Release|x64
		{25B55CFE-8DF1-4055-A14D-1478F9F4BC95}.LIB Release - DLL OpenSSL|ARM.Build.0 = Release|x64
		{25B55CFE-8DF1-4055-A14D-1478F9F4BC95}.LIB Release - DLL OpenSSL|x64.ActiveCfg = Release|x64
		{25B55CFE-8DF1-4055-A14D-1478F9F4BC95}.LIB Release - DLL OpenSSL|x64.Build.0 = Release|x64
		{25B55CFE-8DF1-4055-A14D-1478F9F4BC95}.LIB Release - DLL OpenSSL|x86.ActiveCfg = Release|Win32
		{25B55CFE-8DF1-4055-A14D-1478F9F4BC95}.LIB Release - DLL OpenSSL|x86.Build.0 = Release|Win32
		{25B55CFE-8DF1-4055-A14D-1478F9F4BC95}.LIB Release - DLL Windows SSPI - DLL WinIDN|ARM.ActiveCfg = Release|x64
		{25B55CFE-8DF1-4055-A14D-1478F9F4BC95}.LIB Release - DLL Windows SSPI - DLL WinIDN|ARM.Build.0 = Release|x64
		{25B55CFE-8DF1-4055-A14D-1478F9F4BC95}.LIB Release - DLL Windows SSPI - DLL WinIDN|x64.ActiveCfg = Release|x64
		{25B55CFE-8DF1-4055-A14D-1478F9F4BC95}.LIB Release - DLL Windows SSPI - DLL WinIDN|x64.Build.0 = Release|x64
		{25B55CFE-8DF1-4055-A14D-1478F9F4BC95}.LIB Release - DLL Windows SSPI - DLL WinIDN|x86.ActiveCfg = Release|Win32
		{25B55CFE-8DF1-4055-A14D-1478F9F4BC95}.LIB Release - DLL Windows SSPI - DLL WinIDN|x86.Build.0 = Release|Win32
		{25B55CFE-8DF1-4055-A14D-1478F9F4BC95}.LIB Release - DLL Windows SSPI|ARM.ActiveCfg = Release|x64
		{25B55CFE-8DF1-4055-A14D-1478F9F4BC95}.LIB Release - DLL Windows SSPI|ARM.Build.0 = Release|x64
		{25B55CFE-8DF1-4055-A14D-1478F9F4BC95}.LIB Release - DLL Windows SSPI|x64.ActiveCfg = Release|x64
		{25B55CFE-8DF1-4055-A14D-1478F9F4BC95}.LIB Release - DLL Windows SSPI|x64.Build.0 = Release|x64
		{25B55CFE-8DF1-4055-A14D-1478F9F4BC95}.LIB Release - DLL Windows SSPI|x86.ActiveCfg = Release|Win32
		{25B55CFE-8DF1-4055-A14D-1478F9F4BC95}.LIB Release - DLL Windows SSPI|x86.Build.0 = Release|Win32
		{25B55CFE-8DF1-4055-A14D-1478F9F4BC95}.LIB Release - LIB OpenSSL - LIB LibSSH2|ARM.ActiveCfg = Release|x64
		{25B55CFE-8DF1-4055-A14D-1478F9F4BC95}.LIB Release - LIB OpenSSL - LIB LibSSH2|ARM.Build.0 = Release|x64
		{25B55CFE-8DF1-4055-A14D-1478F9F4BC95}.LIB Release - LIB OpenSSL - LIB LibSSH2|x64.ActiveCfg = Release|x64
		{25B55CFE-8DF1-4055-A14D-1478F9F4BC95}.LIB Release - LIB OpenSSL - LIB LibSSH2|x64.Build.0 = Release|x64
		{25B55CFE-8DF1-4055-A14D-1478F9F4BC95}.LIB Release - LIB OpenSSL - LIB LibSSH2|x86.ActiveCfg = Release|Win32
		{25B55CFE-8DF1-4055-A14D-1478F9F4BC95}.LIB Release - LIB OpenSSL - LIB LibSSH2|x86.Build.0 = Release|Win32
		{25B55CFE-8DF1-4055-A14D-1478F9F4BC95}.LIB Release - LIB OpenSSL|ARM.ActiveCfg = Release|x64
		{25B55CFE-8DF1-4055-A14D-1478F9F4BC95}.LIB Release - LIB OpenSSL|ARM.Build.0 = Release|x64
		{25B55CFE-8DF1-4055-A14D-1478F9F4BC95}.LIB Release - LIB OpenSSL|x64.ActiveCfg = Release|x64
		{25B55CFE-8DF1-4055-A14D-1478F9F4BC95}.LIB Release - LIB OpenSSL|x64.Build.0 = Release|x64
		{25B55CFE-8DF1-4055-A14D-1478F9F4BC95}.LIB Release - LIB OpenSSL|x86.ActiveCfg = Release|Win32
		{25B55CFE-8DF1-4055-A14D-1478F9F4BC95}.LIB Release - LIB OpenSSL|x86.Build.0 = Release|Win32
		{25B55CFE-8DF1-4055-A14D-1478F9F4BC95}.LIB Release - LIB wolfSSL|ARM.ActiveCfg = Release|x64
		{25B55CFE-8DF1-4055-A14D-1478F9F4BC95}.LIB Release - LIB wolfSSL|ARM.Build.0 = Release|x64
		{25B55CFE-8DF1-4055-A14D-1478F9F4BC95}.LIB Release - LIB wolfSSL|x64.ActiveCfg = Release|x64
		{25B55CFE-8DF1-4055-A14D-1478F9F4BC95}.LIB Release - LIB wolfSSL|x64.Build.0 = Release|x64
		{25B55CFE-8DF1-4055-A14D-1478F9F4BC95}.LIB Release - LIB wolfSSL|x86.ActiveCfg = Release|Win32
		{25B55CFE-8DF1-4055-A14D-1478F9F4BC95}.LIB Release - LIB wolfSSL|x86.Build.0 = Release|Win32
		{25B55CFE-8DF1-4055-A14D-1478F9F4BC95}.LIB Release|ARM.ActiveCfg = Release|x64
		{25B55CFE-8DF1-4055-A14D-1478F9F4BC95}.LIB Release|ARM.Build.0 = Release|x64
		{25B55CFE-8DF1-4055-A14D-1478F9F4BC95}.LIB Release|x64.ActiveCfg = Release|x64
		{25B55CFE-8DF1-4055-A14D-1478F9F4BC95}.LIB Release|x64.Build.0 = Release|x64
		{25B55CFE-8DF1-4055-A14D-1478F9F4BC95}.LIB Release|x86.ActiveCfg = Release|Win32
		{25B55CFE-8DF1-4055-A14D-1478F9F4BC95}.LIB Release|x86.Build.0 = Release|Win32
		{25B55CFE-8DF1-4055-A14D-1478F9F4BC95}.Release|ARM.ActiveCfg = Release|Win32
		{25B55CFE-8DF1-4055-A14D-1478F9F4BC95}.Release|x64.ActiveCfg = Release|x64
		{25B55CFE-8DF1-4055-A14D-1478F9F4BC95}.Release|x64.Build.0 = Release|x64
		{25B55CFE-8DF1-4055-A14D-1478F9F4BC95}.Release|x86.ActiveCfg = Release|Win32
		{25B55CFE-8DF1-4055-A14D-1478F9F4BC95}.Release|x86.Build.0 = Release|Win32
		{943EE636-0C75-40C9-86B3-DB3B25DB8D5A}.Debug|ARM.ActiveCfg = Debug|Win32
		{943EE636-0C75-40C9-86B3-DB3B25DB8D5A}.Debug|x64.ActiveCfg = Debug|x64
		{943EE636-0C75-40C9-86B3-DB3B25DB8D5A}.Debug|x64.Build.0 = Debug|x64
		{943EE636-0C75-40C9-86B3-DB3B25DB8D5A}.Debug|x86.ActiveCfg = Debug|Win32
		{943EE636-0C75-40C9-86B3-DB3B25DB8D5A}.Debug|x86.Build.0 = Debug|Win32
		{943EE636-0C75-40C9-86B3-DB3B25DB8D5A}.DLL Debug - DLL OpenSSL - DLL LibSSH2|ARM.ActiveCfg = Release|x64
		{943EE636-0C75-40C9-86B3-DB3B25DB8D5A}.DLL Debug - DLL OpenSSL - DLL LibSSH2|ARM.Build.0 = Release|x64
		{943EE636-0C75-40C9-86B3-DB3B25DB8D5A}.DLL Debug - DLL OpenSSL - DLL LibSSH2|x64.ActiveCfg = Debug|x64
		{943EE636-0C75-40C9-86B3-DB3B25DB8D5A}.DLL Debug - DLL OpenSSL - DLL LibSSH2|x64.Build.0 = Debug|x64
		{943EE636-0C75-40C9-86B3-DB3B25DB8D5A}.DLL Debug - DLL OpenSSL - DLL LibSSH2|x86.ActiveCfg = Debug|Win32
		{943EE636-0C75-40C9-86B3-DB3B25DB8D5A}.DLL Debug - DLL OpenSSL - DLL LibSSH2|x86.Build.0 = Debug|Win32
		{943EE636-0C75-40C9-86B3-DB3B25DB8D5A}.DLL Debug - DLL OpenSSL|ARM.ActiveCfg = Release|x64
		{943EE636-0C75-40C9-86B3-DB3B25DB8D5A}.DLL Debug - DLL OpenSSL|ARM.Build.0 = Release|x64
		{943EE636-0C75-40C9-86B3-DB3B25DB8D5A}.DLL Debug - DLL OpenSSL|x64.ActiveCfg = Debug|x64
		{943EE636-0C75-40C9-86B3-DB3B25DB8D5A}.DLL Debug - DLL OpenSSL|x64.Build.0 = Debug|x64
		{943EE636-0C75-40C9-86B3-DB3B25DB8D5A}.DLL Debug - DLL OpenSSL|x86.ActiveCfg = Debug|Win32
		{943EE636-0C75-40C9-86B3-DB3B25DB8D5A}.DLL Debug - DLL OpenSSL|x86.Build.0 = Debug|Win32
		{943EE636-0C75-40C9-86B3-DB3B25DB8D5A}.DLL Debug - DLL Windows SSPI - DLL WinIDN|ARM.ActiveCfg = Release|x64
		{943EE636-0C75-40C9-86B3-DB3B25DB8D5A}.DLL Debug - DLL Windows SSPI - DLL WinIDN|ARM.Build.0 = Release|x64
		{943EE636-0C75-40C9-86B3-DB3B25DB8D5A}.DLL Debug - DLL Windows SSPI - DLL WinIDN|x64.ActiveCfg = Debug|x64
		{943EE636-0C75-40C9-86B3-DB3B25DB8D5A}.DLL Debug - DLL Windows SSPI - DLL WinIDN|x64.Build.0 = Debug|x64
		{943EE636-0C75-40C9-86B3-DB3B25DB8D5A}.DLL Debug - DLL Windows SSPI - DLL WinIDN|x86.ActiveCfg = Debug|Win32
		{943EE636-0C75-40C9-86B3-DB3B25DB8D5A}.DLL Debug - DLL Windows SSPI - DLL WinIDN|x86.Build.0 = Debug|Win32
		{943EE636-0C75-40C9-86B3-DB3B25DB8D5A}.DLL Debug - DLL Windows SSPI|ARM.ActiveCfg = Release|x64
		{943EE636-0C75-40C9-86B3-DB3B25DB8D5A}.DLL Debug - DLL Windows SSPI|ARM.Build.0 = Release|x64
		{943EE636-0C75-40C9-86B3-DB3B25DB8D5A}.DLL Debug - DLL Windows SSPI|x64.ActiveCfg = Debug|x64
		{943EE636-0C75-40C9-86B3-DB3B25DB8D5A}.DLL Debug - DLL Windows SSPI|x64.Build.0 = Debug|x64
		{943EE636-0C75-40C9-86B3-DB3B25DB8D5A}.DLL Debug - DLL Windows SSPI|x86.ActiveCfg = Debug|Win32
		{943EE636-0C75-40C9-86B3-DB3B25DB8D5A}.DLL Debug - DLL Windows SSPI|x86.Build.0 = Debug|Win32
		{943EE636-0C75-40C9-86B3-DB3B25DB8D5A}.DLL Debug - DLL wolfSSL|ARM.ActiveCfg = Release|x64
		{943EE636-0C75-40C9-86B3-DB3B25DB8D5A}.DLL Debug - DLL wolfSSL|ARM.Build.0 = Release|x64
		{943EE636-0C75-40C9-86B3-DB3B25DB8D5A}.DLL Debug - DLL wolfSSL|x64.ActiveCfg = Debug|x64
		{943EE636-0C75-40C9-86B3-DB3B25DB8D5A}.DLL Debug - DLL wolfSSL|x64.Build.0 = Debug|x64
		{943EE636-0C75-40C9-86B3-DB3B25DB8D5A}.DLL Debug - DLL wolfSSL|x86.ActiveCfg = Debug|Win32
		{943EE636-0C75-40C9-86B3-DB3B25DB8D5A}.DLL Debug - DLL wolfSSL|x86.Build.0 = Debug|Win32
		{943EE636-0C75-40C9-86B3-DB3B25DB8D5A}.DLL Debug|ARM.ActiveCfg = Release|x64
		{943EE636-0C75-40C9-86B3-DB3B25DB8D5A}.DLL Debug|ARM.Build.0 = Release|x64
		{943EE636-0C75-40C9-86B3-DB3B25DB8D5A}.DLL Debug|x64.ActiveCfg = Debug|x64
		{943EE636-0C75-40C9-86B3-DB3B25DB8D5A}.DLL Debug|x64.Build.0 = Debug|x64
		{943EE636-0C75-40C9-86B3-DB3B25DB8D5A}.DLL Debug|x86.ActiveCfg = Debug|Win32
		{943EE636-0C75-40C9-86B3-DB3B25DB8D5A}.DLL Debug|x86.Build.0 = Debug|Win32
		{943EE636-0C75-40C9-86B3-DB3B25DB8D5A}.DLL Release - DLL OpenSSL - DLL LibSSH2|ARM.ActiveCfg = Release|x64
		{943EE636-0C75-40C9-86B3-DB3B25DB8D5A}.DLL Release - DLL OpenSSL - DLL LibSSH2|ARM.Build.0 = Release|x64
		{943EE636-0C75-40C9-86B3-DB3B25DB8D5A}.DLL Release - DLL OpenSSL - DLL LibSSH2|x64.ActiveCfg = Release|x64
		{943EE636-0C75-40C9-86B3-DB3B25DB8D5A}.DLL Release - DLL OpenSSL - DLL LibSSH2|x64.Build.0 = Release|x64
		{943EE636-0C75-40C9-86B3-DB3B25DB8D5A}.DLL Release - DLL OpenSSL - DLL LibSSH2|x86.ActiveCfg = Release|Win32
		{943EE636-0C75-40C9-86B3-DB3B25DB8D5A}.DLL Release - DLL OpenSSL - DLL LibSSH2|x86.Build.0 = Release|Win32
		{943EE636-0C75-40C9-86B3-DB3B25DB8D5A}.DLL Release - DLL OpenSSL|ARM.ActiveCfg = Release|x64
		{943EE636-0C75-40C9-86B3-DB3B25DB8D5A}.DLL Release - DLL OpenSSL|ARM.Build.0 = Release|x64
		{943EE636-0C75-40C9-86B3-DB3B25DB8D5A}.DLL Release - DLL OpenSSL|x64.ActiveCfg = Release|x64
		{943EE636-0C75-40C9-86B3-DB3B25DB8D5A}.DLL Release - DLL OpenSSL|x64.Build.0 = Release|x64
		{943EE636-0C75-40C9-86B3-DB3B25DB8D5A}.DLL Release - DLL OpenSSL|x86.ActiveCfg = Release|Win32
		{943EE636-0C75-40C9-86B3-DB3B25DB8D5A}.DLL Release - DLL OpenSSL|x86.Build.0 = Release|Win32
		{943EE636-0C75-40C9-86B3-DB3B25DB8D5A}.DLL Release - DLL Windows SSPI - DLL WinIDN|ARM.ActiveCfg = Release|x64
		{943EE636-0C75-40C9-86B3-DB3B25DB8D5A}.DLL Release - DLL Windows SSPI - DLL WinIDN|ARM.Build.0 = Release|x64
		{943EE636-0C75-40C9-86B3-DB3B25DB8D5A}.DLL Release - DLL Windows SSPI - DLL WinIDN|x64.ActiveCfg = Release|x64
		{943EE636-0C75-40C9-86B3-DB3B25DB8D5A}.DLL Release - DLL Windows SSPI - DLL WinIDN|x64.Build.0 = Release|x64
		{943EE636-0C75-40C9-86B3-DB3B25DB8D5A}.DLL Release - DLL Windows SSPI - DLL WinIDN|x86.ActiveCfg = Release|Win32
		{943EE636-0C75-40C9-86B3-DB3B25DB8D5A}.DLL Release - DLL Windows SSPI - DLL WinIDN|x86.Build.0 = Release|Win32
		{943EE636-0C75-40C9-86B3-DB3B25DB8D5A}.DLL Release - DLL Windows SSPI|ARM.ActiveCfg = Release|x64
		{943EE636-0C75-40C9-86B3-DB3B25DB8D5A}.DLL Release - DLL Windows SSPI|ARM.Build.0 = Release|x64
		{943EE636-0C75-40C9-86B3-DB3B25DB8D5A}.DLL Release - DLL Windows SSPI|x64.ActiveCfg = Release|x64
		{943EE636-0C75-40C9-86B3-DB3B25DB8D5A}.DLL Release - DLL Windows SSPI|x64.Build.0 = Release|x64
		{943EE636-0C75-40C9-86B3-DB3B25DB8D5A}.DLL Release - DLL Windows SSPI|x86.ActiveCfg = Release|Win32
		{943EE636-0C75-40C9-86B3-DB3B25DB8D5A}.DLL Release - DLL Windows SSPI|x86.Build.0 = Release|Win32
		{943EE636-0C75-40C9-86B3-DB3B25DB8D5A}.DLL Release - DLL wolfSSL|ARM.ActiveCfg = Release|x64
		{943EE636-0C75-40C9-86B3-DB3B25DB8D5A}.DLL Release - DLL wolfSSL|ARM.Build.0 = Release|x64
		{943EE636-0C75-40C9-86B3-DB3B25DB8D5A}.DLL Release - DLL wolfSSL|x64.ActiveCfg = Release|x64
		{943EE636-0C75-40C9-86B3-DB3B25DB8D5A}.DLL Release - DLL wolfSSL|x64.Build.0 = Release|x64
		{943EE636-0C75-40C9-86B3-DB3B25DB8D5A}.DLL Release - DLL wolfSSL|x86.ActiveCfg = Release|Win32
		{943EE636-0C75-40C9-86B3-DB3B25DB8D5A}.DLL Release - DLL wolfSSL|x86.Build.0 = Release|Win32
		{943EE636-0C75-40C9-86B3-DB3B25DB8D5A}.DLL Release|ARM.ActiveCfg = Release|x64
		{943EE636-0C75-40C9-86B3-DB3B25DB8D5A}.DLL Release|ARM.Build.0 = Release|x64
		{943EE636-0C75-40C9-86B3-DB3B25DB8D5A}.DLL Release|x64.ActiveCfg = Release|x64
		{943EE636-0C75-40C9-86B3-DB3B25DB8D5A}.DLL Release|x64.Build.0 = Release|x64
		{943EE636-0C75-40C9-86B3-DB3B25DB8D5A}.DLL Release|x86.ActiveCfg = Release|Win32
		{943EE636-0C75-40C9-86B3-DB3B25DB8D5A}.DLL Release|x86.Build.0 = Release|Win32
		{943EE636-0C75-40C9-86B3-DB3B25DB8D5A}.LIB Debug - DLL OpenSSL - DLL LibSSH2|ARM.ActiveCfg = Release|x64
		{943EE636-0C75-40C9-86B3-DB3B25DB8D5A}.LIB Debug - DLL OpenSSL - DLL LibSSH2|ARM.Build.0 = Release|x64
		{943EE636-0C75-40C9-86B3-DB3B25DB8D5A}.LIB Debug - DLL OpenSSL - DLL LibSSH2|x64.ActiveCfg = Debug|x64
		{943EE636-0C75-40C9-86B3-DB3B25DB8D5A}.LIB Debug - DLL OpenSSL - DLL LibSSH2|x64.Build.0 = Debug|x64
		{943EE636-0C75-40C9-86B3-DB3B25DB8D5A}.LIB Debug - DLL OpenSSL - DLL LibSSH2|x86.ActiveCfg = Debug|Win32
		{943EE636-0C75-40C9-86B3-DB3B25DB8D5A}.LIB Debug - DLL OpenSSL - DLL LibSSH2|x86.Build.0 = Debug|Win32
		{943EE636-0C75-40C9-86B3-DB3B25DB8D5A}.LIB Debug - DLL OpenSSL|ARM.ActiveCfg = Release|x64
		{943EE636-0C75-40C9-86B3-DB3B25DB8D5A}.LIB Debug - DLL OpenSSL|ARM.Build.0 = Release|x64
		{943EE636-0C75-40C9-86B3-DB3B25DB8D5A}.LIB Debug - DLL OpenSSL|x64.ActiveCfg = Debug|x64
		{943EE636-0C75-40C9-86B3-DB3B25DB8D5A}.LIB Debug - DLL OpenSSL|x64.Build.0 = Debug|x64
		{943EE636-0C75-40C9-86B3-DB3B25DB8D5A}.LIB Debug - DLL OpenSSL|x86.ActiveCfg = Debug|Win32
		{943EE636-0C75-40C9-86B3-DB3B25DB8D5A}.LIB Debug - DLL OpenSSL|x86.Build.0 = Debug|Win32
		{943EE636-0C75-40C9-86B3-DB3B25DB8D5A}.LIB Debug - DLL Windows SSPI - DLL WinIDN|ARM.ActiveCfg = Release|x64
		{943EE636-0C75-40C9-86B3-DB3B25DB8D5A}.LIB Debug - DLL Windows SSPI - DLL WinIDN|ARM.Build.0 = Release|x64
		{943EE636-0C75-40C9-86B3-DB3B25DB8D5A}.LIB Debug - DLL Windows SSPI - DLL WinIDN|x64.ActiveCfg = Debug|x64
		{943EE636-0C75-40C9-86B3-DB3B25DB8D5A}.LIB Debug - DLL Windows SSPI - DLL WinIDN|x64.Build.0 = Debug|x64
		{943EE636-0C75-40C9-86B3-DB3B25DB8D5A}.LIB Debug - DLL Windows SSPI - DLL WinIDN|x86.ActiveCfg = Debug|Win32
		{943EE636-0C75-40C9-86B3-DB3B25DB8D5A}.LIB Debug - DLL Windows SSPI - DLL WinIDN|x86.Build.0 = Debug|Win32
		{943EE636-0C75-40C9-86B3-DB3B25DB8D5A}.LIB Debug - DLL Windows SSPI|ARM.ActiveCfg = Release|x64
		{943EE636-0C75-40C9-86B3-DB3B25DB8D5A}.LIB Debug - DLL Windows SSPI|ARM.Build.0 = Release|x64
		{943EE636-0C75-40C9-86B3-DB3B25DB8D5A}.LIB Debug - DLL Windows SSPI|x64.ActiveCfg = Debug|x64
		{943EE636-0C75-40C9-86B3-DB3B25DB8D5A}.LIB Debug - DLL Windows SSPI|x64.Build.0 = Debug|x64
		{943EE636-0C75-40C9-86B3-DB3B25DB8D5A}.LIB Debug - DLL Windows SSPI|x86.ActiveCfg = Debug|Win32
		{943EE636-0C75-40C9-86B3-DB3B25DB8D5A}.LIB Debug - DLL Windows SSPI|x86.Build.0 = Debug|Win32
		{943EE636-0C75-40C9-86B3-DB3B25DB8D5A}.LIB Debug - LIB OpenSSL - LIB LibSSH2|ARM.ActiveCfg = Release|x64
		{943EE636-0C75-40C9-86B3-DB3B25DB8D5A}.LIB Debug - LIB OpenSSL - LIB LibSSH2|ARM.Build.0 = Release|x64
		{943EE636-0C75-40C9-86B3-DB3B25DB8D5A}.LIB Debug - LIB OpenSSL - LIB LibSSH2|x64.ActiveCfg = Debug|x64
		{943EE636-0C75-40C9-86B3-DB3B25DB8D5A}.LIB Debug - LIB OpenSSL - LIB LibSSH2|x64.Build.0 = Debug|x64
		{943EE636-0C75-40C9-86B3-DB3B25DB8D5A}.LIB Debug - LIB OpenSSL - LIB LibSSH2|x86.ActiveCfg = Debug|Win32
		{943EE636-0C75-40C9-86B3-DB3B25DB8D5A}.LIB Debug - LIB OpenSSL - LIB LibSSH2|x86.Build.0 = Debug|Win32
		{943EE636-0C75-40C9-86B3-DB3B25DB8D5A}.LIB Debug - LIB OpenSSL|ARM.ActiveCfg = Release|x64
		{943EE636-0C75-40C9-86B3-DB3B25DB8D5A}.LIB Debug - LIB OpenSSL|ARM.Build.0 = Release|x64
		{943EE636-0C75-40C9-86B3-DB3B25DB8D5A}.LIB Debug - LIB OpenSSL|x64.ActiveCfg = Debug|x64
		{943EE636-0C75-40C9-86B3-DB3B25DB8D5A}.LIB Debug - LIB OpenSSL|x64.Build.0 = Debug|x64
		{943EE636-0C75-40C9-86B3-DB3B25DB8D5A}.LIB Debug - LIB OpenSSL|x86.ActiveCfg = Debug|Win32
		{943EE636-0C75-40C9-86B3-DB3B25DB8D5A}.LIB Debug - LIB OpenSSL|x86.Build.0 = Debug|Win32
		{943EE636-0C75-40C9-86B3-DB3B25DB8D5A}.LIB Debug - LIB wolfSSL|ARM.ActiveCfg = Release|x64
		{943EE636-0C75-40C9-86B3-DB3B25DB8D5A}.LIB Debug - LIB wolfSSL|ARM.Build.0 = Release|x64
		{943EE636-0C75-40C9-86B3-DB3B25DB8D5A}.LIB Debug - LIB wolfSSL|x64.ActiveCfg = Debug|x64
		{943EE636-0C75-40C9-86B3-DB3B25DB8D5A}.LIB Debug - LIB wolfSSL|x64.Build.0 = Debug|x64
		{943EE636-0C75-40C9-86B3-DB3B25DB8D5A}.LIB Debug - LIB wolfSSL|x86.ActiveCfg = Debug|Win32
		{943EE636-0C75-40C9-86B3-DB3B25DB8D5A}.LIB Debug - LIB wolfSSL|x86.Build.0 = Debug|Win32
		{943EE636-0C75-40C9-86B3-DB3B25DB8D5A}.LIB Debug|ARM.ActiveCfg = Release|x64
		{943EE636-0C75-40C9-86B3-DB3B25DB8D5A}.LIB Debug|ARM.Build.0 = Release|x64
		{943EE636-0C75-40C9-86B3-DB3B25DB8D5A}.LIB Debug|x64.ActiveCfg = Debug|x64
		{943EE636-0C75-40C9-86B3-DB3B25DB8D5A}.LIB Debug|x64.Build.0 = Debug|x64
		{943EE636-0C75-40C9-86B3-DB3B25DB8D5A}.LIB Debug|x86.ActiveCfg = Debug|Win32
		{943EE636-0C75-40C9-86B3-DB3B25DB8D5A}.LIB Debug|x86.Build.0 = Debug|Win32
		{943EE636-0C75-40C9-86B3-DB3B25DB8D5A}.LIB Release - DLL OpenSSL - DLL LibSSH2|ARM.ActiveCfg = Release|x64
		{943EE636-0C75-40C9-86B3-DB3B25DB8D5A}.LIB Release - DLL OpenSSL - DLL LibSSH2|ARM.Build.0 = Release|x64
		{943EE636-0C75-40C9-86B3-DB3B25DB8D5A}.LIB Release - DLL OpenSSL - DLL LibSSH2|x64.ActiveCfg = Release|x64
		{943EE636-0C75-40C9-86B3-DB3B25DB8D5A}.LIB Release - DLL OpenSSL - DLL LibSSH2|x64.Build.0 = Release|x64
		{943EE636-0C75-40C9-86B3-DB3B25DB8D5A}.LIB Release - DLL OpenSSL - DLL LibSSH2|x86.ActiveCfg = Release|Win32
		{943EE636-0C75-40C9-86B3-DB3B25DB8D5A}.LIB Release - DLL OpenSSL - DLL LibSSH2|x86.Build.0 = Release|Win32
		{943EE636-0C75-40C9-86B3-DB3B25DB8D5A}.LIB Release - DLL OpenSSL|ARM.ActiveCfg = Release|x64
		{943EE636-0C75-40C9-86B3-DB3B25DB8D5A}.LIB Release - DLL OpenSSL|ARM.Build.0 = Release|x64
		{943EE636-0C75-40C9-86B3-DB3B25DB8D5A}.LIB Release - DLL OpenSSL|x64.ActiveCfg = Release|x64
		{943EE636-0C75-40C9-86B3-DB3B25DB8D5A}.LIB Release - DLL OpenSSL|x64.Build.0 = Release|x64
		{943EE636-0C75-40C9-86B3-DB3B25DB8D5A}.LIB Release - DLL OpenSSL|x86.ActiveCfg = Release|Win32
		{943EE636-0C75-40C9-86B3-DB3B25DB8D5A}.LIB Release - DLL OpenSSL|x86.Build.0 = Release|Win32
		{943EE636-0C75-40C9-86B3-DB3B25DB8D5A}.LIB Release - DLL Windows SSPI - DLL WinIDN|ARM.ActiveCfg = Release|x64
		{943EE636-0C75-40C9-86B3-DB3B25DB8D5A}.LIB Release - DLL Windows SSPI - DLL WinIDN|ARM.Build.0 = Release|x64
		{943EE636-0C75-40C9-86B3-DB3B25DB8D5A}.LIB Release - DLL Windows SSPI - DLL WinIDN|x64.ActiveCfg = Release|x64
		{943EE636-0C75-40C9-86B3-DB3B25DB8D5A}.LIB Release - DLL Windows SSPI - DLL WinIDN|x64.Build.0 = Release|x64
		{943EE636-0C75-40C9-86B3-DB3B25DB8D5A}.LIB Release - DLL Windows SSPI - DLL WinIDN|x86.ActiveCfg = Release|Win32
		{943EE636-0C75-40C9-86B3-DB3B25DB8D5A}.LIB Release - DLL Windows SSPI - DLL WinIDN|x86.Build.0 = Release|Win32
		{943EE636-0C75-40C9-86B3-DB3B25DB8D5A}.LIB Release - DLL Windows SSPI|ARM.ActiveCfg = Release|x64
		{943EE636-0C75-40C9-86B3-DB3B25DB8D5A}.LIB Release - DLL Windows SSPI|ARM.Build.0 = Release|x64
		{943EE636-0C75-40C9-86B3-DB3B25DB8D5A}.LIB Release - DLL Windows SSPI|x64.ActiveCfg = Release|x64
		{943EE636-0C75-40C9-86B3-DB3B25DB8D5A}.LIB Release - DLL Windows SSPI|x64.Build.0 = Release|x64
		{943EE636-0C75-40C9-86B3-DB3B25DB8D5A}.LIB Release - DLL Windows SSPI|x86.ActiveCfg = Release|Win32
		{943EE636-0C75-40C9-86B3-DB3B25DB8D5A}.LIB Release - DLL Windows SSPI|x86.Build.0 = Release|Win32
		{943EE636-0C75-40C9-86B3-DB3B25DB8D5A}.LIB Release - LIB OpenSSL - LIB LibSSH2|ARM.ActiveCfg = Release|x64
		{943EE636-0C75-40C9-86B3-DB3B25DB8D5A}.LIB Release - LIB OpenSSL - LIB LibSSH2|ARM.Build.0 = Release|x64
		{943EE636-0C75-40C9-86B3-DB3B25DB8D5A}.LIB Release - LIB OpenSSL - LIB LibSSH2|x64.ActiveCfg = Release|x64
		{943EE636-0C75-40C9-86B3-DB3B25DB8D5A}.LIB Release - LIB OpenSSL - LIB LibSSH2|x64.Build.0 = Release|x64
		{943EE636-0C75-40C9-86B3-DB3B25DB8D5A}.LIB Release - LIB OpenSSL - LIB LibSSH2|x86.ActiveCfg = Release|Win32
		{943EE636-0C75-40C9-86B3-DB3B25DB8D5A}.LIB Release - LIB OpenSSL - LIB LibSSH2|x86.Build.0 = Release|Win32
		{943EE636-0C75-40C9-86B3-DB3B25DB8D5A}.LIB Release - LIB OpenSSL|ARM.ActiveCfg = Release|x64
		{943EE636-0C75-40C9-86B3-DB3B25DB8D5A}.LIB Release - LIB OpenSSL|ARM.Build.0 = Release|x64
		{943EE636-0C75-40C9-86B3-DB3B25DB8D5A}.LIB Release - LIB OpenSSL|x64.ActiveCfg = Release|x64
		{943EE636-0C75-40C9-86B3-DB3B25DB8D5A}.LIB Release - LIB OpenSSL|x64.Build.0 = Release|x64
		{943EE636-0C75-40C9-86B3-DB3B25DB8D5A}.LIB Release - LIB OpenSSL|x86.ActiveCfg = Release|Win32
		{943EE636-0C75-40C9-86B3-DB3B25DB8D5A}.LIB Release - LIB OpenSSL|x86.Build.0 = Release|Win32
		{943EE636-0C75-40C9-86B3-DB3B25DB8D5A}.LIB Release - LIB wolfSSL|ARM.ActiveCfg = Release|x64
		{943EE636-0C75-40C9-86B3-DB3B25DB8D5A}.LIB Release - LIB wolfSSL|ARM.Build.0 = Release|x64
		{943EE636-0C75-40C9-86B3-DB3B25DB8D5A}.LIB Release - LIB wolfSSL|x64.ActiveCfg = Release|x64
		{943EE636-0C75-40C9-86B3-DB3B25DB8D5A}.LIB Release - LIB wolfSSL|x64.Build.0 = Release|x64
		{943EE636-0C75-40C9-86B3-DB3B25DB8D5A}.LIB Release - LIB wolfSSL|x86.ActiveCfg = Release|Win32
		{943EE636-0C75-40C9-86B3-DB3B25DB8D5A}.LIB Release - LIB wolfSSL|x86.Build.0 = Release|Win32
		{943EE636-0C75-40C9-86B3-DB3B25DB8D5A}.LIB Release|ARM.ActiveCfg = Release|x64
		{943EE636-0C75-40C9-86B3-DB3B25DB8D5A}.LIB Release|ARM.Build.0 = Release|x64
		{943EE636-0C75-40C9-86B3-DB3B25DB8D5A}.LIB Release|x64.ActiveCfg = Release|x64
		{943EE636-0C75-40C9-86B3-DB3B25DB8D5A}.LIB Release|x64.Build.0 = Release|x64
		{943EE636-0C75-40C9-86B3-DB3B25DB8D5A}.LIB Release|x86.ActiveCfg = Release|Win32
		{943EE636-0C75-40C9-86B3-DB3B25DB8D5A}.LIB Release|x86.Build.0 = Release|Win32
		{943EE636-0C75-40C9-86B3-DB3B25DB8D5A}.Release|ARM.ActiveCfg = Release|Win32
		{943EE636-0C75-40C9-86B3-DB3B25DB8D5A}.Release|x64.ActiveCfg = Release|x64
		{943EE636-0C75-40C9-86B3-DB3B25DB8D5A}.Release|x64.Build.0 = Release|x64
		{943EE636-0C75-40C9-86B3-DB3B25DB8D5A}.Release|x86.ActiveCfg = Release|Win32
		{943EE636-0C75-40C9-86B3-DB3B25DB8D5A}.Release|x86.Build.0 = Release|Win32
	EndGlobalSection
	GlobalSection(SolutionProperties) = preSolution
		HideSolutionNode = FALSE
	EndGlobalSection
	GlobalSection(NestedProjects) = preSolution
		{DA6F56B4-06A4-441D-AD70-AC5A7D51FADB} = {D0B6D856-D575-4745-8695-23DC57D76070}
		{25B55CFE-8DF1-4055-A14D-1478F9F4BC95} = {D0B6D856-D575-4745-8695-23DC57D76070}
		{943EE636-0C75-40C9-86B3-DB3B25DB8D5A} = {D0B6D856-D575-4745-8695-23DC57D76070}
	EndGlobalSection
EndGlobal
