
Microsoft Visual Studio Solution File, Format Version 12.00
# Visual Studio 14
VisualStudioVersion = 14.0.25420.1
MinimumVisualStudioVersion = 10.0.40219.1
Project("{8BC9CEB8-8B4A-11D0-8D11-00A0C91BC942}") = "frdaemon", "frdaemon\frdaemon.vcxproj", "{E2E4A61A-3C6A-414C-8E51-E3752634A4AB}"
EndProject
Project("{2150E333-8FDC-42A3-9474-1A3956D46DE8}") = "windows", "windows", "{D0B6D856-D575-4745-8695-23DC57D76070}"
EndProject
Project("{8BC9CEB8-8B4A-11D0-8D11-00A0C91BC942}") = "libcurl", "windows\curl\projects\Windows\VC14\lib\libcurl.vcxproj", "{DA6F56B4-06A4-441D-AD70-AC5A7D51FADB}"
EndProject
Project("{8BC9CEB8-8B4A-11D0-8D11-00A0C91BC942}") = "frd", "windows\frd.vcxproj", "{943EE636-0C75-40C9-86B3-DB3B25DB8D5A}"
EndProject
Global
	GlobalSection(SolutionConfigurationPlatforms) = preSolution
		Debug|x64 = Debug|x64
		DLL Debug - DLL OpenSSL - DLL LibSSH2|x64 = DLL Debug - DLL OpenSSL - DLL LibSSH2|x64
		DLL Debug - DLL OpenSSL|x64 = DLL Debug - DLL OpenSSL|x64
		DLL Debug - DLL Windows SSPI - DLL WinIDN|x64 = DLL Debug - DLL Windows SSPI - DLL WinIDN|x64
		DLL Debug - DLL Windows SSPI|x64 = DLL Debug - DLL Windows SSPI|x64
		DLL Debug - DLL wolfSSL|x64 = DLL Debug - DLL wolfSSL|x64
		DLL Debug|x64 = DLL Debug|x64
		DLL Release - DLL OpenSSL - DLL LibSSH2|x64 = DLL Release - DLL OpenSSL - DLL LibSSH2|x64
		DLL Release - DLL OpenSSL|x64 = DLL Release - DLL OpenSSL|x64
		DLL Release - DLL Windows SSPI - DLL WinIDN|x64 = DLL Release - DLL Windows SSPI - DLL WinIDN|x64
		DLL Release - DLL Windows SSPI|x64 = DLL Release - DLL Windows SSPI|x64
		DLL Release - DLL wolfSSL|x64 = DLL Release - DLL wolfSSL|x64
		DLL Release|x64 = DLL Release|x64
		LIB Debug - DLL OpenSSL - DLL LibSSH2|x64 = LIB Debug - DLL OpenSSL - DLL LibSSH2|x64
		LIB Debug - DLL OpenSSL|x64 = LIB Debug - DLL OpenSSL|x64
		LIB Debug - DLL Windows SSPI - DLL WinIDN|x64 = LIB Debug - DLL Windows SSPI - DLL WinIDN|x64
		LIB Debug - DLL Windows SSPI|x64 = LIB Debug - DLL Windows SSPI|x64
		LIB Debug - LIB OpenSSL - LIB LibSSH2|x64 = LIB Debug - LIB OpenSSL - LIB LibSSH2|x64
		LIB Debug - LIB OpenSSL|x64 = LIB Debug - LIB OpenSSL|x64
		LIB Debug - LIB wolfSSL|x64 = LIB Debug - LIB wolfSSL|x64
		LIB Debug|x64 = LIB Debug|x64
		LIB Release - DLL OpenSSL - DLL LibSSH2|x64 = LIB Release - DLL OpenSSL - DLL LibSSH2|x64
		LIB Release - DLL OpenSSL|x64 = LIB Release - DLL OpenSSL|x64
		LIB Release - DLL Windows SSPI - DLL WinIDN|x64 = LIB Release - DLL Windows SSPI - DLL WinIDN|x64
		LIB Release - DLL Windows SSPI|x64 = LIB Release - DLL Windows SSPI|x64
		LIB Release - LIB OpenSSL - LIB LibSSH2|x64 = LIB Release - LIB OpenSSL - LIB LibSSH2|x64
		LIB Release - LIB OpenSSL|x64 = LIB Release - LIB OpenSSL|x64
		LIB Release - LIB wolfSSL|x64 = LIB Release - LIB wolfSSL|x64
		LIB Release|x64 = LIB Release|x64
		Release|x64 = Release|x64
	EndGlobalSection
	GlobalSection(ProjectConfigurationPlatforms) = postSolution
		{E2E4A61A-3C6A-414C-8E51-E3752634A4AB}.Debug|x64.ActiveCfg = Debug|x64
		{E2E4A61A-3C6A-414C-8E51-E3752634A4AB}.Debug|x64.Build.0 = Debug|x64
		{E2E4A61A-3C6A-414C-8E51-E3752634A4AB}.DLL Debug - DLL OpenSSL - DLL LibSSH2|x64.ActiveCfg = Debug|x64
		{E2E4A61A-3C6A-414C-8E51-E3752634A4AB}.DLL Debug - DLL OpenSSL - DLL LibSSH2|x64.Build.0 = Debug|x64
		{E2E4A61A-3C6A-414C-8E51-E3752634A4AB}.DLL Debug - DLL OpenSSL|x64.ActiveCfg = Debug|x64
		{E2E4A61A-3C6A-414C-8E51-E3752634A4AB}.DLL Debug - DLL OpenSSL|x64.Build.0 = Debug|x64
		{E2E4A61A-3C6A-414C-8E51-E3752634A4AB}.DLL Debug - DLL Windows SSPI - DLL WinIDN|x64.ActiveCfg = Debug|x64
		{E2E4A61A-3C6A-414C-8E51-E3752634A4AB}.DLL Debug - DLL Windows SSPI - DLL WinIDN|x64.Build.0 = Debug|x64
		{E2E4A61A-3C6A-414C-8E51-E3752634A4AB}.DLL Debug - DLL Windows SSPI|x64.ActiveCfg = Debug|x64
		{E2E4A61A-3C6A-414C-8E51-E3752634A4AB}.DLL Debug - DLL Windows SSPI|x64.Build.0 = Debug|x64
		{E2E4A61A-3C6A-414C-8E51-E3752634A4AB}.DLL Debug - DLL wolfSSL|x64.ActiveCfg = Debug|x64
		{E2E4A61A-3C6A-414C-8E51-E3752634A4AB}.DLL Debug - DLL wolfSSL|x64.Build.0 = Debug|x64
		{E2E4A61A-3C6A-414C-8E51-E3752634A4AB}.DLL Debug|x64.ActiveCfg = Debug|x64
		{E2E4A61A-3C6A-414C-8E51-E3752634A4AB}.DLL Debug|x64.Build.0 = Debug|x64
		{E2E4A61A-3C6A-414C-8E51-E3752634A4AB}.DLL Release - DLL OpenSSL - DLL LibSSH2|x64.ActiveCfg = Release|x64
		{E2E4A61A-3C6A-414C-8E51-E3752634A4AB}.DLL Release - DLL OpenSSL - DLL LibSSH2|x64.Build.0 = Release|x64
		{E2E4A61A-3C6A-414C-8E51-E3752634A4AB}.DLL Release - DLL OpenSSL|x64.ActiveCfg = Release|x64
		{E2E4A61A-3C6A-414C-8E51-E3752634A4AB}.DLL Release - DLL OpenSSL|x64.Build.0 = Release|x64
		{E2E4A61A-3C6A-414C-8E51-E3752634A4AB}.DLL Release - DLL Windows SSPI - DLL WinIDN|x64.ActiveCfg = Release|x64
		{E2E4A61A-3C6A-414C-8E51-E3752634A4AB}.DLL Release - DLL Windows SSPI - DLL WinIDN|x64.Build.0 = Release|x64
		{E2E4A61A-3C6A-414C-8E51-E3752634A4AB}.DLL Release - DLL Windows SSPI|x64.ActiveCfg = Release|x64
		{E2E4A61A-3C6A-414C-8E51-E3752634A4AB}.DLL Release - DLL Windows SSPI|x64.Build.0 = Release|x64
		{E2E4A61A-3C6A-414C-8E51-E3752634A4AB}.DLL Release - DLL wolfSSL|x64.ActiveCfg = Release|x64
		{E2E4A61A-3C6A-414C-8E51-E3752634A4AB}.DLL Release - DLL wolfSSL|x64.Build.0 = Release|x64
		{E2E4A61A-3C6A-414C-8E51-E3752634A4AB}.DLL Release|x64.ActiveCfg = Release|x64
		{E2E4A61A-3C6A-414C-8E51-E3752634A4AB}.DLL Release|x64.Build.0 = Release|x64
		{E2E4A61A-3C6A-414C-8E51-E3752634A4AB}.LIB Debug - DLL OpenSSL - DLL LibSSH2|x64.ActiveCfg = Debug|x64
		{E2E4A61A-3C6A-414C-8E51-E3752634A4AB}.LIB Debug - DLL OpenSSL - DLL LibSSH2|x64.Build.0 = Debug|x64
		{E2E4A61A-3C6A-414C-8E51-E3752634A4AB}.LIB Debug - DLL OpenSSL|x64.ActiveCfg = Debug|x64
		{E2E4A61A-3C6A-414C-8E51-E3752634A4AB}.LIB Debug - DLL OpenSSL|x64.Build.0 = Debug|x64
		{E2E4A61A-3C6A-414C-8E51-E3752634A4AB}.LIB Debug - DLL Windows SSPI - DLL WinIDN|x64.ActiveCfg = Debug|x64
		{E2E4A61A-3C6A-414C-8E51-E3752634A4AB}.LIB Debug - DLL Windows SSPI - DLL WinIDN|x64.Build.0 = Debug|x64
		{E2E4A61A-3C6A-414C-8E51-E3752634A4AB}.LIB Debug - DLL Windows SSPI|x64.ActiveCfg = Debug|x64
		{E2E4A61A-3C6A-414C-8E51-E3752634A4AB}.LIB Debug - DLL Windows SSPI|x64.Build.0 = Debug|x64
		{E2E4A61A-3C6A-414C-8E51-E3752634A4AB}.LIB Debug - LIB OpenSSL - LIB LibSSH2|x64.ActiveCfg = Debug|x64
		{E2E4A61A-3C6A-414C-8E51-E3752634A4AB}.LIB Debug - LIB OpenSSL - LIB LibSSH2|x64.Build.0 = Debug|x64
		{E2E4A61A-3C6A-414C-8E51-E3752634A4AB}.LIB Debug - LIB OpenSSL|x64.ActiveCfg = Debug|x64
		{E2E4A61A-3C6A-414C-8E51-E3752634A4AB}.LIB Debug - LIB OpenSSL|x64.Build.0 = Debug|x64
		{E2E4A61A-3C6A-414C-8E51-E3752634A4AB}.LIB Debug - LIB wolfSSL|x64.ActiveCfg = Debug|x64
		{E2E4A61A-3C6A-414C-8E51-E3752634A4AB}.LIB Debug - LIB wolfSSL|x64.Build.0 = Debug|x64
		{E2E4A61A-3C6A-414C-8E51-E3752634A4AB}.LIB Debug|x64.ActiveCfg = Debug|x64
		{E2E4A61A-3C6A-414C-8E51-E3752634A4AB}.LIB Debug|x64.Build.0 = Debug|x64
		{E2E4A61A-3C6A-414C-8E51-E3752634A4AB}.LIB Release - DLL OpenSSL - DLL LibSSH2|x64.ActiveCfg = Release|x64
		{E2E4A61A-3C6A-414C-8E51-E3752634A4AB}.LIB Release - DLL OpenSSL - DLL LibSSH2|x64.Build.0 = Release|x64
		{E2E4A61A-3C6A-414C-8E51-E3752634A4AB}.LIB Release - DLL OpenSSL|x64.ActiveCfg = Release|x64
		{E2E4A61A-3C6A-414C-8E51-E3752634A4AB}.LIB Release - DLL OpenSSL|x64.Build.0 = Release|x64
		{E2E4A61A-3C6A-414C-8E51-E3752634A4AB}.LIB Release - DLL Windows SSPI - DLL WinIDN|x64.ActiveCfg = Release|x64
		{E2E4A61A-3C6A-414C-8E51-E3752634A4AB}.LIB Release - DLL Windows SSPI - DLL WinIDN|x64.Build.0 = Release|x64
		{E2E4A61A-3C6A-414C-8E51-E3752634A4AB}.LIB Release - DLL Windows SSPI|x64.ActiveCfg = Release|x64
		{E2E4A61A-3C6A-414C-8E51-E3752634A4AB}.LIB Release - DLL Windows SSPI|x64.Build.0 = Release|x64
		{E2E4A61A-3C6A-414C-8E51-E3752634A4AB}.LIB Release - LIB OpenSSL - LIB LibSSH2|x64.ActiveCfg = Release|x64
		{E2E4A61A-3C6A-414C-8E51-E3752634A4AB}.LIB Release - LIB OpenSSL - LIB LibSSH2|x64.Build.0 = Release|x64
		{E2E4A61A-3C6A-414C-8E51-E3752634A4AB}.LIB Release - LIB OpenSSL|x64.ActiveCfg = Release|x64
		{E2E4A61A-3C6A-414C-8E51-E3752634A4AB}.LIB Release - LIB OpenSSL|x64.Build.0 = Release|x64
		{E2E4A61A-3C6A-414C-8E51-E3752634A4AB}.LIB Release - LIB wolfSSL|x64.ActiveCfg = Release|x64
		{E2E4A61A-3C6A-414C-8E51-E3752634A4AB}.LIB Release - LIB wolfSSL|x64.Build.0 = Release|x64
		{E2E4A61A-3C6A-414C-8E51-E3752634A4AB}.LIB Release|x64.ActiveCfg = Release|x64
		{E2E4A61A-3C6A-414C-8E51-E3752634A4AB}.LIB Release|x64.Build.0 = Release|x64
		{E2E4A61A-3C6A-414C-8E51-E3752634A4AB}.Release|x64.ActiveCfg = Release|x64
		{E2E4A61A-3C6A-414C-8E51-E3752634A4AB}.Release|x64.Build.0 = Release|x64
		{DA6F56B4-06A4-441D-AD70-AC5A7D51FADB}.Debug|x64.ActiveCfg = LIB Debug|x64
		{DA6F56B4-06A4-441D-AD70-AC5A7D51FADB}.Debug|x64.Build.0 = LIB Debug|x64
		{DA6F56B4-06A4-441D-AD70-AC5A7D51FADB}.DLL Debug - DLL OpenSSL - DLL LibSSH2|x64.ActiveCfg = DLL Debug - DLL OpenSSL - DLL LibSSH2|x64
		{DA6F56B4-06A4-441D-AD70-AC5A7D51FADB}.DLL Debug - DLL OpenSSL - DLL LibSSH2|x64.Build.0 = DLL Debug - DLL OpenSSL - DLL LibSSH2|x64
		{DA6F56B4-06A4-441D-AD70-AC5A7D51FADB}.DLL Debug - DLL OpenSSL|x64.ActiveCfg = DLL Debug - DLL OpenSSL|x64
		{DA6F56B4-06A4-441D-AD70-AC5A7D51FADB}.DLL Debug - DLL OpenSSL|x64.Build.0 = DLL Debug - DLL OpenSSL|x64
		{DA6F56B4-06A4-441D-AD70-AC5A7D51FADB}.DLL Debug - DLL Windows SSPI - DLL WinIDN|x64.ActiveCfg = DLL Debug - DLL Windows SSPI - DLL WinIDN|x64
		{DA6F56B4-06A4-441D-AD70-AC5A7D51FADB}.DLL Debug - DLL Windows SSPI - DLL WinIDN|x64.Build.0 = DLL Debug - DLL Windows SSPI - DLL WinIDN|x64
		{DA6F56B4-06A4-441D-AD70-AC5A7D51FADB}.DLL Debug - DLL Windows SSPI|x64.ActiveCfg = DLL Debug - DLL Windows SSPI|x64
		{DA6F56B4-06A4-441D-AD70-AC5A7D51FADB}.DLL Debug - DLL Windows SSPI|x64.Build.0 = DLL Debug - DLL Windows SSPI|x64
		{DA6F56B4-06A4-441D-AD70-AC5A7D51FADB}.DLL Debug - DLL wolfSSL|x64.ActiveCfg = DLL Debug - DLL wolfSSL|x64
		{DA6F56B4-06A4-441D-AD70-AC5A7D51FADB}.DLL Debug - DLL wolfSSL|x64.Build.0 = DLL Debug - DLL wolfSSL|x64
		{DA6F56B4-06A4-441D-AD70-AC5A7D51FADB}.DLL Debug|x64.ActiveCfg = DLL Debug|x64
		{DA6F56B4-06A4-441D-AD70-AC5A7D51FADB}.DLL Debug|x64.Build.0 = DLL Debug|x64
		{DA6F56B4-06A4-441D-AD70-AC5A7D51FADB}.DLL Release - DLL OpenSSL - DLL LibSSH2|x64.ActiveCfg = DLL Release - DLL OpenSSL - DLL LibSSH2|x64
		{DA6F56B4-06A4-441D-AD70-AC5A7D51FADB}.DLL Release - DLL OpenSSL - DLL LibSSH2|x64.Build.0 = DLL Release - DLL OpenSSL - DLL LibSSH2|x64
		{DA6F56B4-06A4-441D-AD70-AC5A7D51FADB}.DLL Release - DLL OpenSSL|x64.ActiveCfg = DLL Release - DLL OpenSSL|x64
		{DA6F56B4-06A4-441D-AD70-AC5A7D51FADB}.DLL Release - DLL OpenSSL|x64.Build.0 = DLL Release - DLL OpenSSL|x64
		{DA6F56B4-06A4-441D-AD70-AC5A7D51FADB}.DLL Release - DLL Windows SSPI - DLL WinIDN|x64.ActiveCfg = DLL Release - DLL Windows SSPI - DLL WinIDN|x64
		{DA6F56B4-06A4-441D-AD70-AC5A7D51FADB}.DLL Release - DLL Windows SSPI - DLL WinIDN|x64.Build.0 = DLL Release - DLL Windows SSPI - DLL WinIDN|x64
		{DA6F56B4-06A4-441D-AD70-AC5A7D51FADB}.DLL Release - DLL Windows SSPI|x64.ActiveCfg = DLL Release - DLL Windows SSPI|x64
		{DA6F56B4-06A4-441D-AD70-AC5A7D51FADB}.DLL Release - DLL Windows SSPI|x64.Build.0 = DLL Release - DLL Windows SSPI|x64
		{DA6F56B4-06A4-441D-AD70-AC5A7D51FADB}.DLL Release - DLL wolfSSL|x64.ActiveCfg = DLL Release - DLL wolfSSL|x64
		{DA6F56B4-06A4-441D-AD70-AC5A7D51FADB}.DLL Release - DLL wolfSSL|x64.Build.0 = DLL Release - DLL wolfSSL|x64
		{DA6F56B4-06A4-441D-AD70-AC5A7D51FADB}.DLL Release|x64.ActiveCfg = DLL Release|x64
		{DA6F56B4-06A4-441D-AD70-AC5A7D51FADB}.DLL Release|x64.Build.0 = DLL Release|x64
		{DA6F56B4-06A4-441D-AD70-AC5A7D51FADB}.LIB Debug - DLL OpenSSL - DLL LibSSH2|x64.ActiveCfg = LIB Debug - DLL OpenSSL - DLL LibSSH2|x64
		{DA6F56B4-06A4-441D-AD70-AC5A7D51FADB}.LIB Debug - DLL OpenSSL - DLL LibSSH2|x64.Build.0 = LIB Debug - DLL OpenSSL - DLL LibSSH2|x64
		{DA6F56B4-06A4-441D-AD70-AC5A7D51FADB}.LIB Debug - DLL OpenSSL|x64.ActiveCfg = LIB Debug - DLL OpenSSL|x64
		{DA6F56B4-06A4-441D-AD70-AC5A7D51FADB}.LIB Debug - DLL OpenSSL|x64.Build.0 = LIB Debug - DLL OpenSSL|x64
		{DA6F56B4-06A4-441D-AD70-AC5A7D51FADB}.LIB Debug - DLL Windows SSPI - DLL WinIDN|x64.ActiveCfg = LIB Debug - DLL Windows SSPI - DLL WinIDN|x64
		{DA6F56B4-06A4-441D-AD70-AC5A7D51FADB}.LIB Debug - DLL Windows SSPI - DLL WinIDN|x64.Build.0 = LIB Debug - DLL Windows SSPI - DLL WinIDN|x64
		{DA6F56B4-06A4-441D-AD70-AC5A7D51FADB}.LIB Debug - DLL Windows SSPI|x64.ActiveCfg = LIB Debug - DLL Windows SSPI|x64
		{DA6F56B4-06A4-441D-AD70-AC5A7D51FADB}.LIB Debug - DLL Windows SSPI|x64.Build.0 = LIB Debug - DLL Windows SSPI|x64
		{DA6F56B4-06A4-441D-AD70-AC5A7D51FADB}.LIB Debug - LIB OpenSSL - LIB LibSSH2|x64.ActiveCfg = LIB Debug - LIB OpenSSL - LIB LibSSH2|x64
		{DA6F56B4-06A4-441D-AD70-AC5A7D51FADB}.LIB Debug - LIB OpenSSL - LIB LibSSH2|x64.Build.0 = LIB Debug - LIB OpenSSL - LIB LibSSH2|x64
		{DA6F56B4-06A4-441D-AD70-AC5A7D51FADB}.LIB Debug - LIB OpenSSL|x64.ActiveCfg = LIB Debug - LIB OpenSSL|x64
		{DA6F56B4-06A4-441D-AD70-AC5A7D51FADB}.LIB Debug - LIB OpenSSL|x64.Build.0 = LIB Debug - LIB OpenSSL|x64
		{DA6F56B4-06A4-441D-AD70-AC5A7D51FADB}.LIB Debug - LIB wolfSSL|x64.ActiveCfg = LIB Debug - LIB wolfSSL|x64
		{DA6F56B4-06A4-441D-AD70-AC5A7D51FADB}.LIB Debug - LIB wolfSSL|x64.Build.0 = LIB Debug - LIB wolfSSL|x64
		{DA6F56B4-06A4-441D-AD70-AC5A7D51FADB}.LIB Debug|x64.ActiveCfg = LIB Debug|x64
		{DA6F56B4-06A4-441D-AD70-AC5A7D51FADB}.LIB Debug|x64.Build.0 = LIB Debug|x64
		{DA6F56B4-06A4-441D-AD70-AC5A7D51FADB}.LIB Release - DLL OpenSSL - DLL LibSSH2|x64.ActiveCfg = LIB Release - DLL OpenSSL - DLL LibSSH2|x64
		{DA6F56B4-06A4-441D-AD70-AC5A7D51FADB}.LIB Release - DLL OpenSSL - DLL LibSSH2|x64.Build.0 = LIB Release - DLL OpenSSL - DLL LibSSH2|x64
		{DA6F56B4-06A4-441D-AD70-AC5A7D51FADB}.LIB Release - DLL OpenSSL|x64.ActiveCfg = LIB Release - DLL OpenSSL|x64
		{DA6F56B4-06A4-441D-AD70-AC5A7D51FADB}.LIB Release - DLL OpenSSL|x64.Build.0 = LIB Release - DLL OpenSSL|x64
		{DA6F56B4-06A4-441D-AD70-AC5A7D51FADB}.LIB Release - DLL Windows SSPI - DLL WinIDN|x64.ActiveCfg = LIB Release - DLL Windows SSPI - DLL WinIDN|x64
		{DA6F56B4-06A4-441D-AD70-AC5A7D51FADB}.LIB Release - DLL Windows SSPI - DLL WinIDN|x64.Build.0 = LIB Release - DLL Windows SSPI - DLL WinIDN|x64
		{DA6F56B4-06A4-441D-AD70-AC5A7D51FADB}.LIB Release - DLL Windows SSPI|x64.ActiveCfg = LIB Release - DLL Windows SSPI|x64
		{DA6F56B4-06A4-441D-AD70-AC5A7D51FADB}.LIB Release - DLL Windows SSPI|x64.Build.0 = LIB Release - DLL Windows SSPI|x64
		{DA6F56B4-06A4-441D-AD70-AC5A7D51FADB}.LIB Release - LIB OpenSSL - LIB LibSSH2|x64.ActiveCfg = LIB Release - LIB OpenSSL - LIB LibSSH2|x64
		{DA6F56B4-06A4-441D-AD70-AC5A7D51FADB}.LIB Release - LIB OpenSSL - LIB LibSSH2|x64.Build.0 = LIB Release - LIB OpenSSL - LIB LibSSH2|x64
		{DA6F56B4-06A4-441D-AD70-AC5A7D51FADB}.LIB Release - LIB OpenSSL|x64.ActiveCfg = LIB Release - LIB OpenSSL|x64
		{DA6F56B4-06A4-441D-AD70-AC5A7D51FADB}.LIB Release - LIB OpenSSL|x64.Build.0 = LIB Release - LIB OpenSSL|x64
		{DA6F56B4-06A4-441D-AD70-AC5A7D51FADB}.LIB Release - LIB wolfSSL|x64.ActiveCfg = LIB Release - LIB wolfSSL|x64
		{DA6F56B4-06A4-441D-AD70-AC5A7D51FADB}.LIB Release - LIB wolfSSL|x64.Build.0 = LIB Release - LIB wolfSSL|x64
		{DA6F56B4-06A4-441D-AD70-AC5A7D51FADB}.LIB Release|x64.ActiveCfg = LIB Release|x64
		{DA6F56B4-06A4-441D-AD70-AC5A7D51FADB}.LIB Release|x64.Build.0 = LIB Release|x64
		{DA6F56B4-06A4-441D-AD70-AC5A7D51FADB}.Release|x64.ActiveCfg = LIB Release - LIB OpenSSL - LIB LibSSH2|x64
		{DA6F56B4-06A4-441D-AD70-AC5A7D51FADB}.Release|x64.Build.0 = LIB Release - LIB OpenSSL - LIB LibSSH2|x64
		{943EE636-0C75-40C9-86B3-DB3B25DB8D5A}.Debug|x64.ActiveCfg = Debug|x64
		{943EE636-0C75-40C9-86B3-DB3B25DB8D5A}.Debug|x64.Build.0 = Debug|x64
		{943EE636-0C75-40C9-86B3-DB3B25DB8D5A}.DLL Debug - DLL OpenSSL - DLL LibSSH2|x64.ActiveCfg = Debug|x64
		{943EE636-0C75-40C9-86B3-DB3B25DB8D5A}.DLL Debug - DLL OpenSSL - DLL LibSSH2|x64.Build.0 = Debug|x64
		{943EE636-0C75-40C9-86B3-DB3B25DB8D5A}.DLL Debug - DLL OpenSSL|x64.ActiveCfg = Debug|x64
		{943EE636-0C75-40C9-86B3-DB3B25DB8D5A}.DLL Debug - DLL OpenSSL|x64.Build.0 = Debug|x64
		{943EE636-0C75-40C9-86B3-DB3B25DB8D5A}.DLL Debug - DLL Windows SSPI - DLL WinIDN|x64.ActiveCfg = Debug|x64
		{943EE636-0C75-40C9-86B3-DB3B25DB8D5A}.DLL Debug - DLL Windows SSPI - DLL WinIDN|x64.Build.0 = Debug|x64
		{943EE636-0C75-40C9-86B3-DB3B25DB8D5A}.DLL Debug - DLL Windows SSPI|x64.ActiveCfg = Debug|x64
		{943EE636-0C75-40C9-86B3-DB3B25DB8D5A}.DLL Debug - DLL Windows SSPI|x64.Build.0 = Debug|x64
		{943EE636-0C75-40C9-86B3-DB3B25DB8D5A}.DLL Debug - DLL wolfSSL|x64.ActiveCfg = Debug|x64
		{943EE636-0C75-40C9-86B3-DB3B25DB8D5A}.DLL Debug - DLL wolfSSL|x64.Build.0 = Debug|x64
		{943EE636-0C75-40C9-86B3-DB3B25DB8D5A}.DLL Debug|x64.ActiveCfg = Debug|x64
		{943EE636-0C75-40C9-86B3-DB3B25DB8D5A}.DLL Debug|x64.Build.0 = Debug|x64
		{943EE636-0C75-40C9-86B3-DB3B25DB8D5A}.DLL Release - DLL OpenSSL - DLL LibSSH2|x64.ActiveCfg = Release|x64
		{943EE636-0C75-40C9-86B3-DB3B25DB8D5A}.DLL Release - DLL OpenSSL - DLL LibSSH2|x64.Build.0 = Release|x64
		{943EE636-0C75-40C9-86B3-DB3B25DB8D5A}.DLL Release - DLL OpenSSL|x64.ActiveCfg = Release|x64
		{943EE636-0C75-40C9-86B3-DB3B25DB8D5A}.DLL Release - DLL OpenSSL|x64.Build.0 = Release|x64
		{943EE636-0C75-40C9-86B3-DB3B25DB8D5A}.DLL Release - DLL Windows SSPI - DLL WinIDN|x64.ActiveCfg = Release|x64
		{943EE636-0C75-40C9-86B3-DB3B25DB8D5A}.DLL Release - DLL Windows SSPI - DLL WinIDN|x64.Build.0 = Release|x64
		{943EE636-0C75-40C9-86B3-DB3B25DB8D5A}.DLL Release - DLL Windows SSPI|x64.ActiveCfg = Release|x64
		{943EE636-0C75-40C9-86B3-DB3B25DB8D5A}.DLL Release - DLL Windows SSPI|x64.Build.0 = Release|x64
		{943EE636-0C75-40C9-86B3-DB3B25DB8D5A}.DLL Release - DLL wolfSSL|x64.ActiveCfg = Release|x64
		{943EE636-0C75-40C9-86B3-DB3B25DB8D5A}.DLL Release - DLL wolfSSL|x64.Build.0 = Release|x64
		{943EE636-0C75-40C9-86B3-DB3B25DB8D5A}.DLL Release|x64.ActiveCfg = Release|x64
		{943EE636-0C75-40C9-86B3-DB3B25DB8D5A}.DLL Release|x64.Build.0 = Release|x64
		{943EE636-0C75-40C9-86B3-DB3B25DB8D5A}.LIB Debug - DLL OpenSSL - DLL LibSSH2|x64.ActiveCfg = Debug|x64
		{943EE636-0C75-40C9-86B3-DB3B25DB8D5A}.LIB Debug - DLL OpenSSL - DLL LibSSH2|x64.Build.0 = Debug|x64
		{943EE636-0C75-40C9-86B3-DB3B25DB8D5A}.LIB Debug - DLL OpenSSL|x64.ActiveCfg = Debug|x64
		{943EE636-0C75-40C9-86B3-DB3B25DB8D5A}.LIB Debug - DLL OpenSSL|x64.Build.0 = Debug|x64
		{943EE636-0C75-40C9-86B3-DB3B25DB8D5A}.LIB Debug - DLL Windows SSPI - DLL WinIDN|x64.ActiveCfg = Debug|x64
		{943EE636-0C75-40C9-86B3-DB3B25DB8D5A}.LIB Debug - DLL Windows SSPI - DLL WinIDN|x64.Build.0 = Debug|x64
		{943EE636-0C75-40C9-86B3-DB3B25DB8D5A}.LIB Debug - DLL Windows SSPI|x64.ActiveCfg = Debug|x64
		{943EE636-0C75-40C9-86B3-DB3B25DB8D5A}.LIB Debug - DLL Windows SSPI|x64.Build.0 = Debug|x64
		{943EE636-0C75-40C9-86B3-DB3B25DB8D5A}.LIB Debug - LIB OpenSSL - LIB LibSSH2|x64.ActiveCfg = Debug|x64
		{943EE636-0C75-40C9-86B3-DB3B25DB8D5A}.LIB Debug - LIB OpenSSL - LIB LibSSH2|x64.Build.0 = Debug|x64
		{943EE636-0C75-40C9-86B3-DB3B25DB8D5A}.LIB Debug - LIB OpenSSL|x64.ActiveCfg = Debug|x64
		{943EE636-0C75-40C9-86B3-DB3B25DB8D5A}.LIB Debug - LIB OpenSSL|x64.Build.0 = Debug|x64
		{943EE636-0C75-40C9-86B3-DB3B25DB8D5A}.LIB Debug - LIB wolfSSL|x64.ActiveCfg = Debug|x64
		{943EE636-0C75-40C9-86B3-DB3B25DB8D5A}.LIB Debug - LIB wolfSSL|x64.Build.0 = Debug|x64
		{943EE636-0C75-40C9-86B3-DB3B25DB8D5A}.LIB Debug|x64.ActiveCfg = Debug|x64
		{943EE636-0C75-40C9-86B3-DB3B25DB8D5A}.LIB Debug|x64.Build.0 = Debug|x64
		{943EE636-0C75-40C9-86B3-DB3B25DB8D5A}.LIB Release - DLL OpenSSL - DLL LibSSH2|x64.ActiveCfg = Release|x64
		{943EE636-0C75-40C9-86B3-DB3B25DB8D5A}.LIB Release - DLL OpenSSL - DLL LibSSH2|x64.Build.0 = Release|x64
		{943EE636-0C75-40C9-86B3-DB3B25DB8D5A}.LIB Release - DLL OpenSSL|x64.ActiveCfg = Release|x64
		{943EE636-0C75-40C9-86B3-DB3B25DB8D5A}.LIB Release - DLL OpenSSL|x64.Build.0 = Release|x64
		{943EE636-0C75-40C9-86B3-DB3B25DB8D5A}.LIB Release - DLL Windows SSPI - DLL WinIDN|x64.ActiveCfg = Release|x64
		{943EE636-0C75-40C9-86B3-DB3B25DB8D5A}.LIB Release - DLL Windows SSPI - DLL WinIDN|x64.Build.0 = Release|x64
		{943EE636-0C75-40C9-86B3-DB3B25DB8D5A}.LIB Release - DLL Windows SSPI|x64.ActiveCfg = Release|x64
		{943EE636-0C75-40C9-86B3-DB3B25DB8D5A}.LIB Release - DLL Windows SSPI|x64.Build.0 = Release|x64
		{943EE636-0C75-40C9-86B3-DB3B25DB8D5A}.LIB Release - LIB OpenSSL - LIB LibSSH2|x64.ActiveCfg = Release|x64
		{943EE636-0C75-40C9-86B3-DB3B25DB8D5A}.LIB Release - LIB OpenSSL - LIB LibSSH2|x64.Build.0 = Release|x64
		{943EE636-0C75-40C9-86B3-DB3B25DB8D5A}.LIB Release - LIB OpenSSL|x64.ActiveCfg = Release|x64
		{943EE636-0C75-40C9-86B3-DB3B25DB8D5A}.LIB Release - LIB OpenSSL|x64.Build.0 = Release|x64
		{943EE636-0C75-40C9-86B3-DB3B25DB8D5A}.LIB Release - LIB wolfSSL|x64.ActiveCfg = Release|x64
		{943EE636-0C75-40C9-86B3-DB3B25DB8D5A}.LIB Release - LIB wolfSSL|x64.Build.0 = Release|x64
		{943EE636-0C75-40C9-86B3-DB3B25DB8D5A}.LIB Release|x64.ActiveCfg = Release|x64
		{943EE636-0C75-40C9-86B3-DB3B25DB8D5A}.LIB Release|x64.Build.0 = Release|x64
		{943EE636-0C75-40C9-86B3-DB3B25DB8D5A}.Release|x64.ActiveCfg = Release|x64
		{943EE636-0C75-40C9-86B3-DB3B25DB8D5A}.Release|x64.Build.0 = Release|x64
	EndGlobalSection
	GlobalSection(SolutionProperties) = preSolution
		HideSolutionNode = FALSE
	EndGlobalSection
	GlobalSection(NestedProjects) = preSolution
		{DA6F56B4-06A4-441D-AD70-AC5A7D51FADB} = {D0B6D856-D575-4745-8695-23DC57D76070}
		{943EE636-0C75-40C9-86B3-DB3B25DB8D5A} = {D0B6D856-D575-4745-8695-23DC57D76070}
	EndGlobalSection
EndGlobal
