<?xml version="1.0" encoding="utf-8"?>
<Project ToolsVersion="4.0" xmlns="http://schemas.microsoft.com/developer/msbuild/2003">
  <ItemGroup>
    <Filter Include="build_linux">
      <UniqueIdentifier>{9db390bf-239c-4f1a-85d6-7e56a3a047fb}</UniqueIdentifier>
    </Filter>
    <Filter Include="src">
      <UniqueIdentifier>{ef2078db-d956-4a1b-9975-c2f0ae34b325}</UniqueIdentifier>
    </Filter>
    <Filter Include="src\redis-cplusplus-client">
      <UniqueIdentifier>{65cae8c0-7b66-4415-86f7-07fe2d0308bc}</UniqueIdentifier>
    </Filter>
    <Filter Include="src\odbcxx">
      <UniqueIdentifier>{42b684d3-7893-407e-aff0-33c243f80e85}</UniqueIdentifier>
    </Filter>
    <Filter Include="src\rapidjson">
      <UniqueIdentifier>{2740e6a0-e2ed-4cab-8537-59e8a4c1b794}</UniqueIdentifier>
    </Filter>
    <Filter Include="src\rapidjson\error">
      <UniqueIdentifier>{adf5b4c6-a85f-44cf-b774-3e8fb1c7833d}</UniqueIdentifier>
    </Filter>
    <Filter Include="src\rapidjson\internal">
      <UniqueIdentifier>{2ba12da8-78cd-48e6-8510-8c928f428365}</UniqueIdentifier>
    </Filter>
    <Filter Include="src\rapidjson\msinttypes">
      <UniqueIdentifier>{31fcc153-0cbc-4305-ab92-59c2eb0fd7de}</UniqueIdentifier>
    </Filter>
  </ItemGroup>
  <ItemGroup>
    <ClInclude Include="src\frame_features.hpp">
      <Filter>src</Filter>
    </ClInclude>
    <ClInclude Include="src\ftp_client.hpp">
      <Filter>src</Filter>
    </ClInclude>
    <ClInclude Include="src\log.h">
      <Filter>src</Filter>
    </ClInclude>
    <ClInclude Include="src\person.hpp">
      <Filter>src</Filter>
    </ClInclude>
    <ClInclude Include="src\redis_client.hpp">
      <Filter>src</Filter>
    </ClInclude>
    <ClInclude Include="src\redis-cplusplus-client\fmacros.h">
      <Filter>src\redis-cplusplus-client</Filter>
    </ClInclude>
    <ClInclude Include="src\redis-cplusplus-client\redisclient.h">
      <Filter>src\redis-cplusplus-client</Filter>
    </ClInclude>
    <ClInclude Include="src\redis-cplusplus-client\anet.h">
      <Filter>src\redis-cplusplus-client</Filter>
    </ClInclude>
    <ClInclude Include="src\mssql_client.hpp">
      <Filter>src</Filter>
    </ClInclude>
    <ClInclude Include="src\odbcxx\odbcxx.hpp">
      <Filter>src\odbcxx</Filter>
    </ClInclude>
    <ClInclude Include="src\rapidjson\allocators.h">
      <Filter>src\rapidjson</Filter>
    </ClInclude>
    <ClInclude Include="src\rapidjson\document.h">
      <Filter>src\rapidjson</Filter>
    </ClInclude>
    <ClInclude Include="src\rapidjson\encodedstream.h">
      <Filter>src\rapidjson</Filter>
    </ClInclude>
    <ClInclude Include="src\rapidjson\encodings.h">
      <Filter>src\rapidjson</Filter>
    </ClInclude>
    <ClInclude Include="src\rapidjson\filereadstream.h">
      <Filter>src\rapidjson</Filter>
    </ClInclude>
    <ClInclude Include="src\rapidjson\filewritestream.h">
      <Filter>src\rapidjson</Filter>
    </ClInclude>
    <ClInclude Include="src\rapidjson\fwd.h">
      <Filter>src\rapidjson</Filter>
    </ClInclude>
    <ClInclude Include="src\rapidjson\istreamwrapper.h">
      <Filter>src\rapidjson</Filter>
    </ClInclude>
    <ClInclude Include="src\rapidjson\memorybuffer.h">
      <Filter>src\rapidjson</Filter>
    </ClInclude>
    <ClInclude Include="src\rapidjson\memorystream.h">
      <Filter>src\rapidjson</Filter>
    </ClInclude>
    <ClInclude Include="src\rapidjson\ostreamwrapper.h">
      <Filter>src\rapidjson</Filter>
    </ClInclude>
    <ClInclude Include="src\rapidjson\pointer.h">
      <Filter>src\rapidjson</Filter>
    </ClInclude>
    <ClInclude Include="src\rapidjson\prettywriter.h">
      <Filter>src\rapidjson</Filter>
    </ClInclude>
    <ClInclude Include="src\rapidjson\rapidjson.h">
      <Filter>src\rapidjson</Filter>
    </ClInclude>
    <ClInclude Include="src\rapidjson\reader.h">
      <Filter>src\rapidjson</Filter>
    </ClInclude>
    <ClInclude Include="src\rapidjson\schema.h">
      <Filter>src\rapidjson</Filter>
    </ClInclude>
    <ClInclude Include="src\rapidjson\stream.h">
      <Filter>src\rapidjson</Filter>
    </ClInclude>
    <ClInclude Include="src\rapidjson\stringbuffer.h">
      <Filter>src\rapidjson</Filter>
    </ClInclude>
    <ClInclude Include="src\rapidjson\writer.h">
      <Filter>src\rapidjson</Filter>
    </ClInclude>
    <ClInclude Include="src\rapidjson\error\en.h">
      <Filter>src\rapidjson\error</Filter>
    </ClInclude>
    <ClInclude Include="src\rapidjson\error\error.h">
      <Filter>src\rapidjson\error</Filter>
    </ClInclude>
    <ClInclude Include="src\rapidjson\internal\biginteger.h">
      <Filter>src\rapidjson\internal</Filter>
    </ClInclude>
    <ClInclude Include="src\rapidjson\internal\diyfp.h">
      <Filter>src\rapidjson\internal</Filter>
    </ClInclude>
    <ClInclude Include="src\rapidjson\internal\dtoa.h">
      <Filter>src\rapidjson\internal</Filter>
    </ClInclude>
    <ClInclude Include="src\rapidjson\internal\ieee754.h">
      <Filter>src\rapidjson\internal</Filter>
    </ClInclude>
    <ClInclude Include="src\rapidjson\internal\itoa.h">
      <Filter>src\rapidjson\internal</Filter>
    </ClInclude>
    <ClInclude Include="src\rapidjson\internal\meta.h">
      <Filter>src\rapidjson\internal</Filter>
    </ClInclude>
    <ClInclude Include="src\rapidjson\internal\pow10.h">
      <Filter>src\rapidjson\internal</Filter>
    </ClInclude>
    <ClInclude Include="src\rapidjson\internal\regex.h">
      <Filter>src\rapidjson\internal</Filter>
    </ClInclude>
    <ClInclude Include="src\rapidjson\internal\stack.h">
      <Filter>src\rapidjson\internal</Filter>
    </ClInclude>
    <ClInclude Include="src\rapidjson\internal\strfunc.h">
      <Filter>src\rapidjson\internal</Filter>
    </ClInclude>
    <ClInclude Include="src\rapidjson\internal\strtod.h">
      <Filter>src\rapidjson\internal</Filter>
    </ClInclude>
    <ClInclude Include="src\rapidjson\internal\swap.h">
      <Filter>src\rapidjson\internal</Filter>
    </ClInclude>
    <ClInclude Include="src\rapidjson\msinttypes\inttypes.h">
      <Filter>src\rapidjson\msinttypes</Filter>
    </ClInclude>
    <ClInclude Include="src\rapidjson\msinttypes\stdint.h">
      <Filter>src\rapidjson\msinttypes</Filter>
    </ClInclude>
  </ItemGroup>
  <ItemGroup>
    <None Include="build_linux\Makefile">
      <Filter>build_linux</Filter>
    </None>
    <None Include="build_linux\.gdbinit">
      <Filter>build_linux</Filter>
    </None>
    <None Include="build_linux\frdaemon.conf">
      <Filter>build_linux</Filter>
    </None>
  </ItemGroup>
  <ItemGroup>
    <ClCompile Include="src\frame_features.cpp">
      <Filter>src</Filter>
    </ClCompile>
    <ClCompile Include="src\frd.cpp">
      <Filter>src</Filter>
    </ClCompile>
    <ClCompile Include="src\ftp_client.cpp">
      <Filter>src</Filter>
    </ClCompile>
    <ClCompile Include="src\person.cpp">
      <Filter>src</Filter>
    </ClCompile>
    <ClCompile Include="src\redis_client.cpp">
      <Filter>src</Filter>
    </ClCompile>
    <ClCompile Include="src\redis-cplusplus-client\anet.c">
      <Filter>src\redis-cplusplus-client</Filter>
    </ClCompile>
    <ClCompile Include="src\mssql_client.cpp">
      <Filter>src</Filter>
    </ClCompile>
    <ClCompile Include="src\odbcxx\odbcxx.cpp">
      <Filter>src\odbcxx</Filter>
    </ClCompile>
  </ItemGroup>
</Project>